
Microsoft Visual Studio Solution File, Format Version 12.00
# Visual Studio 14
VisualStudioVersion = 14.0.25123.0
MinimumVisualStudioVersion = 10.0.40219.1
Project("{FAE04EC0-301F-11D3-BF4B-00C04F79EFBC}") = "TEST_OPP", "TEST_OPP\TEST_OPP.csproj", "{F58FAE3C-A872-4F75-B5F1-AEFE40DEA162}"
EndProject
Project("{FAE04EC0-301F-11D3-BF4B-00C04F79EFBC}") = "TEST_OPP_2", "TEST_OPP_2\TEST_OPP_2.csproj", "{74745216-C426-4AE4-B896-F468F6477A4F}"
EndProject
Global
	GlobalSection(SolutionConfigurationPlatforms) = preSolution
		Debug|Any CPU = Debug|Any CPU
		Release|Any CPU = Release|Any CPU
	EndGlobalSection
	GlobalSection(ProjectConfigurationPlatforms) = postSolution
		{F58FAE3C-A872-4F75-B5F1-AEFE40DEA162}.Debug|Any CPU.ActiveCfg = Debug|Any CPU
		{F58FAE3C-A872-4F75-B5F1-AEFE40DEA162}.Debug|Any CPU.Build.0 = Debug|Any CPU
		{F58FAE3C-A872-4F75-B5F1-AEFE40DEA162}.Release|Any CPU.ActiveCfg = Release|Any CPU
		{F58FAE3C-A872-4F75-B5F1-AEFE40DEA162}.Release|Any CPU.Build.0 = Release|Any CPU
		{74745216-C426-4AE4-B896-F468F6477A4F}.Debug|Any CPU.ActiveCfg = Debug|Any CPU
		{74745216-C426-4AE4-B896-F468F6477A4F}.Debug|Any CPU.Build.0 = Debug|Any CPU
		{74745216-C426-4AE4-B896-F468F6477A4F}.Release|Any CPU.ActiveCfg = Release|Any CPU
		{74745216-C426-4AE4-B896-F468F6477A4F}.Release|Any CPU.Build.0 = Release|Any CPU
	EndGlobalSection
	GlobalSection(SolutionProperties) = preSolution
		HideSolutionNode = FALSE
	EndGlobalSection
EndGlobal
