
Microsoft Visual Studio Solution File, Format Version 12.00
# Visual Studio 14
VisualStudioVersion = 14.0.25420.1
MinimumVisualStudioVersion = 10.0.40219.1
Project("{FAE04EC0-301F-11D3-BF4B-00C04F79EFBC}") = "Tes.Lab.Dev.Days", "Tes.Lab.Dev.Days\Tes.Lab.Dev.Days\Tes.Lab.Dev.Days.csproj", "{7718C956-445B-4F69-B240-3EAB1B288951}"
EndProject
Project("{FAE04EC0-301F-11D3-BF4B-00C04F79EFBC}") = "Tes.Lab.Dev.Days.Droid", "Tes.Lab.Dev.Days\Tes.Lab.Dev.Days.Droid\Tes.Lab.Dev.Days.Droid.csproj", "{D9053D68-567E-496B-8F04-6515D557828C}"
EndProject
Project("{FAE04EC0-301F-11D3-BF4B-00C04F79EFBC}") = "Tes.Lab.Dev.Days.iOS", "Tes.Lab.Dev.Days\Tes.Lab.Dev.Days.iOS\Tes.Lab.Dev.Days.iOS.csproj", "{195FC761-7167-46F7-928D-EFF32E8EF3AD}"
EndProject
Project("{FAE04EC0-301F-11D3-BF4B-00C04F79EFBC}") = "Tes.Lab.Dev.Days.WinPhone", "Tes.Lab.Dev.Days\Tes.Lab.Dev.Days.WinPhone\Tes.Lab.Dev.Days.WinPhone.csproj", "{95ABD6D0-AD7A-4941-B2E2-9D55534722D8}"
EndProject
Project("{FAE04EC0-301F-11D3-BF4B-00C04F79EFBC}") = "Tes.Lab.Dev.Days.UWP", "Tes.Lab.Dev.Days\Tes.Lab.Dev.Days.UWP\Tes.Lab.Dev.Days.UWP.csproj", "{B75FAAD4-C06C-435D-A15B-84ABC427F8B6}"
EndProject
Project("{FAE04EC0-301F-11D3-BF4B-00C04F79EFBC}") = "Tes.Lab.Dev.Days.Windows", "Tes.Lab.Dev.Days\Tes.Lab.Dev.Days.Windows\Tes.Lab.Dev.Days.Windows.csproj", "{609BDA45-8D9D-49B3-A912-338D1C667D5A}"
EndProject
Global
	GlobalSection(SolutionConfigurationPlatforms) = preSolution
		Ad-Hoc|Any CPU = Ad-Hoc|Any CPU
		Ad-Hoc|ARM = Ad-Hoc|ARM
		Ad-Hoc|iPhone = Ad-Hoc|iPhone
		Ad-Hoc|iPhoneSimulator = Ad-Hoc|iPhoneSimulator
		Ad-Hoc|x64 = Ad-Hoc|x64
		Ad-Hoc|x86 = Ad-Hoc|x86
		AppStore|Any CPU = AppStore|Any CPU
		AppStore|ARM = AppStore|ARM
		AppStore|iPhone = AppStore|iPhone
		AppStore|iPhoneSimulator = AppStore|iPhoneSimulator
		AppStore|x64 = AppStore|x64
		AppStore|x86 = AppStore|x86
		Debug|Any CPU = Debug|Any CPU
		Debug|ARM = Debug|ARM
		Debug|iPhone = Debug|iPhone
		Debug|iPhoneSimulator = Debug|iPhoneSimulator
		Debug|x64 = Debug|x64
		Debug|x86 = Debug|x86
		Release|Any CPU = Release|Any CPU
		Release|ARM = Release|ARM
		Release|iPhone = Release|iPhone
		Release|iPhoneSimulator = Release|iPhoneSimulator
		Release|x64 = Release|x64
		Release|x86 = Release|x86
	EndGlobalSection
	GlobalSection(ProjectConfigurationPlatforms) = postSolution
		{7718C956-445B-4F69-B240-3EAB1B288951}.Ad-Hoc|Any CPU.ActiveCfg = Release|Any CPU
		{7718C956-445B-4F69-B240-3EAB1B288951}.Ad-Hoc|Any CPU.Build.0 = Release|Any CPU
		{7718C956-445B-4F69-B240-3EAB1B288951}.Ad-Hoc|ARM.ActiveCfg = Release|Any CPU
		{7718C956-445B-4F69-B240-3EAB1B288951}.Ad-Hoc|ARM.Build.0 = Release|Any CPU
		{7718C956-445B-4F69-B240-3EAB1B288951}.Ad-Hoc|iPhone.ActiveCfg = Release|Any CPU
		{7718C956-445B-4F69-B240-3EAB1B288951}.Ad-Hoc|iPhone.Build.0 = Release|Any CPU
		{7718C956-445B-4F69-B240-3EAB1B288951}.Ad-Hoc|iPhoneSimulator.ActiveCfg = Release|Any CPU
		{7718C956-445B-4F69-B240-3EAB1B288951}.Ad-Hoc|iPhoneSimulator.Build.0 = Release|Any CPU
		{7718C956-445B-4F69-B240-3EAB1B288951}.Ad-Hoc|x64.ActiveCfg = Release|Any CPU
		{7718C956-445B-4F69-B240-3EAB1B288951}.Ad-Hoc|x64.Build.0 = Release|Any CPU
		{7718C956-445B-4F69-B240-3EAB1B288951}.Ad-Hoc|x86.ActiveCfg = Release|Any CPU
		{7718C956-445B-4F69-B240-3EAB1B288951}.Ad-Hoc|x86.Build.0 = Release|Any CPU
		{7718C956-445B-4F69-B240-3EAB1B288951}.AppStore|Any CPU.ActiveCfg = Release|Any CPU
		{7718C956-445B-4F69-B240-3EAB1B288951}.AppStore|Any CPU.Build.0 = Release|Any CPU
		{7718C956-445B-4F69-B240-3EAB1B288951}.AppStore|ARM.ActiveCfg = Release|Any CPU
		{7718C956-445B-4F69-B240-3EAB1B288951}.AppStore|ARM.Build.0 = Release|Any CPU
		{7718C956-445B-4F69-B240-3EAB1B288951}.AppStore|iPhone.ActiveCfg = Release|Any CPU
		{7718C956-445B-4F69-B240-3EAB1B288951}.AppStore|iPhone.Build.0 = Release|Any CPU
		{7718C956-445B-4F69-B240-3EAB1B288951}.AppStore|iPhoneSimulator.ActiveCfg = Release|Any CPU
		{7718C956-445B-4F69-B240-3EAB1B288951}.AppStore|iPhoneSimulator.Build.0 = Release|Any CPU
		{7718C956-445B-4F69-B240-3EAB1B288951}.AppStore|x64.ActiveCfg = Release|Any CPU
		{7718C956-445B-4F69-B240-3EAB1B288951}.AppStore|x64.Build.0 = Release|Any CPU
		{7718C956-445B-4F69-B240-3EAB1B288951}.AppStore|x86.ActiveCfg = Release|Any CPU
		{7718C956-445B-4F69-B240-3EAB1B288951}.AppStore|x86.Build.0 = Release|Any CPU
		{7718C956-445B-4F69-B240-3EAB1B288951}.Debug|Any CPU.ActiveCfg = Debug|Any CPU
		{7718C956-445B-4F69-B240-3EAB1B288951}.Debug|Any CPU.Build.0 = Debug|Any CPU
		{7718C956-445B-4F69-B240-3EAB1B288951}.Debug|ARM.ActiveCfg = Debug|Any CPU
		{7718C956-445B-4F69-B240-3EAB1B288951}.Debug|ARM.Build.0 = Debug|Any CPU
		{7718C956-445B-4F69-B240-3EAB1B288951}.Debug|iPhone.ActiveCfg = Debug|Any CPU
		{7718C956-445B-4F69-B240-3EAB1B288951}.Debug|iPhone.Build.0 = Debug|Any CPU
		{7718C956-445B-4F69-B240-3EAB1B288951}.Debug|iPhoneSimulator.ActiveCfg = Debug|Any CPU
		{7718C956-445B-4F69-B240-3EAB1B288951}.Debug|iPhoneSimulator.Build.0 = Debug|Any CPU
		{7718C956-445B-4F69-B240-3EAB1B288951}.Debug|x64.ActiveCfg = Debug|Any CPU
		{7718C956-445B-4F69-B240-3EAB1B288951}.Debug|x64.Build.0 = Debug|Any CPU
		{7718C956-445B-4F69-B240-3EAB1B288951}.Debug|x86.ActiveCfg = Debug|Any CPU
		{7718C956-445B-4F69-B240-3EAB1B288951}.Debug|x86.Build.0 = Debug|Any CPU
		{7718C956-445B-4F69-B240-3EAB1B288951}.Release|Any CPU.ActiveCfg = Release|Any CPU
		{7718C956-445B-4F69-B240-3EAB1B288951}.Release|Any CPU.Build.0 = Release|Any CPU
		{7718C956-445B-4F69-B240-3EAB1B288951}.Release|ARM.ActiveCfg = Release|Any CPU
		{7718C956-445B-4F69-B240-3EAB1B288951}.Release|ARM.Build.0 = Release|Any CPU
		{7718C956-445B-4F69-B240-3EAB1B288951}.Release|iPhone.ActiveCfg = Release|Any CPU
		{7718C956-445B-4F69-B240-3EAB1B288951}.Release|iPhone.Build.0 = Release|Any CPU
		{7718C956-445B-4F69-B240-3EAB1B288951}.Release|iPhoneSimulator.ActiveCfg = Release|Any CPU
		{7718C956-445B-4F69-B240-3EAB1B288951}.Release|iPhoneSimulator.Build.0 = Release|Any CPU
		{7718C956-445B-4F69-B240-3EAB1B288951}.Release|x64.ActiveCfg = Release|Any CPU
		{7718C956-445B-4F69-B240-3EAB1B288951}.Release|x64.Build.0 = Release|Any CPU
		{7718C956-445B-4F69-B240-3EAB1B288951}.Release|x86.ActiveCfg = Release|Any CPU
		{7718C956-445B-4F69-B240-3EAB1B288951}.Release|x86.Build.0 = Release|Any CPU
		{D9053D68-567E-496B-8F04-6515D557828C}.Ad-Hoc|Any CPU.ActiveCfg = Release|Any CPU
		{D9053D68-567E-496B-8F04-6515D557828C}.Ad-Hoc|Any CPU.Build.0 = Release|Any CPU
		{D9053D68-567E-496B-8F04-6515D557828C}.Ad-Hoc|Any CPU.Deploy.0 = Release|Any CPU
		{D9053D68-567E-496B-8F04-6515D557828C}.Ad-Hoc|ARM.ActiveCfg = Release|Any CPU
		{D9053D68-567E-496B-8F04-6515D557828C}.Ad-Hoc|ARM.Build.0 = Release|Any CPU
		{D9053D68-567E-496B-8F04-6515D557828C}.Ad-Hoc|ARM.Deploy.0 = Release|Any CPU
		{D9053D68-567E-496B-8F04-6515D557828C}.Ad-Hoc|iPhone.ActiveCfg = Release|Any CPU
		{D9053D68-567E-496B-8F04-6515D557828C}.Ad-Hoc|iPhone.Build.0 = Release|Any CPU
		{D9053D68-567E-496B-8F04-6515D557828C}.Ad-Hoc|iPhone.Deploy.0 = Release|Any CPU
		{D9053D68-567E-496B-8F04-6515D557828C}.Ad-Hoc|iPhoneSimulator.ActiveCfg = Release|Any CPU
		{D9053D68-567E-496B-8F04-6515D557828C}.Ad-Hoc|iPhoneSimulator.Build.0 = Release|Any CPU
		{D9053D68-567E-496B-8F04-6515D557828C}.Ad-Hoc|iPhoneSimulator.Deploy.0 = Release|Any CPU
		{D9053D68-567E-496B-8F04-6515D557828C}.Ad-Hoc|x64.ActiveCfg = Release|Any CPU
		{D9053D68-567E-496B-8F04-6515D557828C}.Ad-Hoc|x64.Build.0 = Release|Any CPU
		{D9053D68-567E-496B-8F04-6515D557828C}.Ad-Hoc|x64.Deploy.0 = Release|Any CPU
		{D9053D68-567E-496B-8F04-6515D557828C}.Ad-Hoc|x86.ActiveCfg = Release|Any CPU
		{D9053D68-567E-496B-8F04-6515D557828C}.Ad-Hoc|x86.Build.0 = Release|Any CPU
		{D9053D68-567E-496B-8F04-6515D557828C}.Ad-Hoc|x86.Deploy.0 = Release|Any CPU
		{D9053D68-567E-496B-8F04-6515D557828C}.AppStore|Any CPU.ActiveCfg = Release|Any CPU
		{D9053D68-567E-496B-8F04-6515D557828C}.AppStore|Any CPU.Build.0 = Release|Any CPU
		{D9053D68-567E-496B-8F04-6515D557828C}.AppStore|Any CPU.Deploy.0 = Release|Any CPU
		{D9053D68-567E-496B-8F04-6515D557828C}.AppStore|ARM.ActiveCfg = Release|Any CPU
		{D9053D68-567E-496B-8F04-6515D557828C}.AppStore|ARM.Build.0 = Release|Any CPU
		{D9053D68-567E-496B-8F04-6515D557828C}.AppStore|ARM.Deploy.0 = Release|Any CPU
		{D9053D68-567E-496B-8F04-6515D557828C}.AppStore|iPhone.ActiveCfg = Release|Any CPU
		{D9053D68-567E-496B-8F04-6515D557828C}.AppStore|iPhone.Build.0 = Release|Any CPU
		{D9053D68-567E-496B-8F04-6515D557828C}.AppStore|iPhone.Deploy.0 = Release|Any CPU
		{D9053D68-567E-496B-8F04-6515D557828C}.AppStore|iPhoneSimulator.ActiveCfg = Release|Any CPU
		{D9053D68-567E-496B-8F04-6515D557828C}.AppStore|iPhoneSimulator.Build.0 = Release|Any CPU
		{D9053D68-567E-496B-8F04-6515D557828C}.AppStore|iPhoneSimulator.Deploy.0 = Release|Any CPU
		{D9053D68-567E-496B-8F04-6515D557828C}.AppStore|x64.ActiveCfg = Release|Any CPU
		{D9053D68-567E-496B-8F04-6515D557828C}.AppStore|x64.Build.0 = Release|Any CPU
		{D9053D68-567E-496B-8F04-6515D557828C}.AppStore|x64.Deploy.0 = Release|Any CPU
		{D9053D68-567E-496B-8F04-6515D557828C}.AppStore|x86.ActiveCfg = Release|Any CPU
		{D9053D68-567E-496B-8F04-6515D557828C}.AppStore|x86.Build.0 = Release|Any CPU
		{D9053D68-567E-496B-8F04-6515D557828C}.AppStore|x86.Deploy.0 = Release|Any CPU
		{D9053D68-567E-496B-8F04-6515D557828C}.Debug|Any CPU.ActiveCfg = Debug|Any CPU
		{D9053D68-567E-496B-8F04-6515D557828C}.Debug|Any CPU.Build.0 = Debug|Any CPU
		{D9053D68-567E-496B-8F04-6515D557828C}.Debug|Any CPU.Deploy.0 = Debug|Any CPU
		{D9053D68-567E-496B-8F04-6515D557828C}.Debug|ARM.ActiveCfg = Debug|Any CPU
		{D9053D68-567E-496B-8F04-6515D557828C}.Debug|ARM.Build.0 = Debug|Any CPU
		{D9053D68-567E-496B-8F04-6515D557828C}.Debug|ARM.Deploy.0 = Debug|Any CPU
		{D9053D68-567E-496B-8F04-6515D557828C}.Debug|iPhone.ActiveCfg = Debug|Any CPU
		{D9053D68-567E-496B-8F04-6515D557828C}.Debug|iPhone.Build.0 = Debug|Any CPU
		{D9053D68-567E-496B-8F04-6515D557828C}.Debug|iPhone.Deploy.0 = Debug|Any CPU
		{D9053D68-567E-496B-8F04-6515D557828C}.Debug|iPhoneSimulator.ActiveCfg = Debug|Any CPU
		{D9053D68-567E-496B-8F04-6515D557828C}.Debug|iPhoneSimulator.Build.0 = Debug|Any CPU
		{D9053D68-567E-496B-8F04-6515D557828C}.Debug|iPhoneSimulator.Deploy.0 = Debug|Any CPU
		{D9053D68-567E-496B-8F04-6515D557828C}.Debug|x64.ActiveCfg = Debug|Any CPU
		{D9053D68-567E-496B-8F04-6515D557828C}.Debug|x64.Build.0 = Debug|Any CPU
		{D9053D68-567E-496B-8F04-6515D557828C}.Debug|x64.Deploy.0 = Debug|Any CPU
		{D9053D68-567E-496B-8F04-6515D557828C}.Debug|x86.ActiveCfg = Debug|Any CPU
		{D9053D68-567E-496B-8F04-6515D557828C}.Debug|x86.Build.0 = Debug|Any CPU
		{D9053D68-567E-496B-8F04-6515D557828C}.Debug|x86.Deploy.0 = Debug|Any CPU
		{D9053D68-567E-496B-8F04-6515D557828C}.Release|Any CPU.ActiveCfg = Release|Any CPU
		{D9053D68-567E-496B-8F04-6515D557828C}.Release|Any CPU.Build.0 = Release|Any CPU
		{D9053D68-567E-496B-8F04-6515D557828C}.Release|Any CPU.Deploy.0 = Release|Any CPU
		{D9053D68-567E-496B-8F04-6515D557828C}.Release|ARM.ActiveCfg = Release|Any CPU
		{D9053D68-567E-496B-8F04-6515D557828C}.Release|ARM.Build.0 = Release|Any CPU
		{D9053D68-567E-496B-8F04-6515D557828C}.Release|ARM.Deploy.0 = Release|Any CPU
		{D9053D68-567E-496B-8F04-6515D557828C}.Release|iPhone.ActiveCfg = Release|Any CPU
		{D9053D68-567E-496B-8F04-6515D557828C}.Release|iPhone.Build.0 = Release|Any CPU
		{D9053D68-567E-496B-8F04-6515D557828C}.Release|iPhone.Deploy.0 = Release|Any CPU
		{D9053D68-567E-496B-8F04-6515D557828C}.Release|iPhoneSimulator.ActiveCfg = Release|Any CPU
		{D9053D68-567E-496B-8F04-6515D557828C}.Release|iPhoneSimulator.Build.0 = Release|Any CPU
		{D9053D68-567E-496B-8F04-6515D557828C}.Release|iPhoneSimulator.Deploy.0 = Release|Any CPU
		{D9053D68-567E-496B-8F04-6515D557828C}.Release|x64.ActiveCfg = Release|Any CPU
		{D9053D68-567E-496B-8F04-6515D557828C}.Release|x64.Build.0 = Release|Any CPU
		{D9053D68-567E-496B-8F04-6515D557828C}.Release|x64.Deploy.0 = Release|Any CPU
		{D9053D68-567E-496B-8F04-6515D557828C}.Release|x86.ActiveCfg = Release|Any CPU
		{D9053D68-567E-496B-8F04-6515D557828C}.Release|x86.Build.0 = Release|Any CPU
		{D9053D68-567E-496B-8F04-6515D557828C}.Release|x86.Deploy.0 = Release|Any CPU
		{195FC761-7167-46F7-928D-EFF32E8EF3AD}.Ad-Hoc|Any CPU.ActiveCfg = Ad-Hoc|iPhone
		{195FC761-7167-46F7-928D-EFF32E8EF3AD}.Ad-Hoc|ARM.ActiveCfg = Ad-Hoc|iPhone
		{195FC761-7167-46F7-928D-EFF32E8EF3AD}.Ad-Hoc|iPhone.ActiveCfg = Ad-Hoc|iPhone
		{195FC761-7167-46F7-928D-EFF32E8EF3AD}.Ad-Hoc|iPhone.Build.0 = Ad-Hoc|iPhone
		{195FC761-7167-46F7-928D-EFF32E8EF3AD}.Ad-Hoc|iPhoneSimulator.ActiveCfg = Ad-Hoc|iPhoneSimulator
		{195FC761-7167-46F7-928D-EFF32E8EF3AD}.Ad-Hoc|iPhoneSimulator.Build.0 = Ad-Hoc|iPhoneSimulator
		{195FC761-7167-46F7-928D-EFF32E8EF3AD}.Ad-Hoc|x64.ActiveCfg = Ad-Hoc|iPhone
		{195FC761-7167-46F7-928D-EFF32E8EF3AD}.Ad-Hoc|x86.ActiveCfg = Ad-Hoc|iPhone
		{195FC761-7167-46F7-928D-EFF32E8EF3AD}.AppStore|Any CPU.ActiveCfg = AppStore|iPhone
		{195FC761-7167-46F7-928D-EFF32E8EF3AD}.AppStore|ARM.ActiveCfg = AppStore|iPhone
		{195FC761-7167-46F7-928D-EFF32E8EF3AD}.AppStore|iPhone.ActiveCfg = AppStore|iPhone
		{195FC761-7167-46F7-928D-EFF32E8EF3AD}.AppStore|iPhone.Build.0 = AppStore|iPhone
		{195FC761-7167-46F7-928D-EFF32E8EF3AD}.AppStore|iPhoneSimulator.ActiveCfg = AppStore|iPhoneSimulator
		{195FC761-7167-46F7-928D-EFF32E8EF3AD}.AppStore|iPhoneSimulator.Build.0 = AppStore|iPhoneSimulator
		{195FC761-7167-46F7-928D-EFF32E8EF3AD}.AppStore|x64.ActiveCfg = AppStore|iPhone
		{195FC761-7167-46F7-928D-EFF32E8EF3AD}.AppStore|x86.ActiveCfg = AppStore|iPhone
		{195FC761-7167-46F7-928D-EFF32E8EF3AD}.Debug|Any CPU.ActiveCfg = Debug|iPhone
		{195FC761-7167-46F7-928D-EFF32E8EF3AD}.Debug|ARM.ActiveCfg = Debug|iPhone
		{195FC761-7167-46F7-928D-EFF32E8EF3AD}.Debug|iPhone.ActiveCfg = Debug|iPhone
		{195FC761-7167-46F7-928D-EFF32E8EF3AD}.Debug|iPhone.Build.0 = Debug|iPhone
		{195FC761-7167-46F7-928D-EFF32E8EF3AD}.Debug|iPhoneSimulator.ActiveCfg = Debug|iPhoneSimulator
		{195FC761-7167-46F7-928D-EFF32E8EF3AD}.Debug|iPhoneSimulator.Build.0 = Debug|iPhoneSimulator
		{195FC761-7167-46F7-928D-EFF32E8EF3AD}.Debug|x64.ActiveCfg = Debug|iPhone
		{195FC761-7167-46F7-928D-EFF32E8EF3AD}.Debug|x86.ActiveCfg = Debug|iPhone
		{195FC761-7167-46F7-928D-EFF32E8EF3AD}.Release|Any CPU.ActiveCfg = Release|iPhone
		{195FC761-7167-46F7-928D-EFF32E8EF3AD}.Release|ARM.ActiveCfg = Release|iPhone
		{195FC761-7167-46F7-928D-EFF32E8EF3AD}.Release|iPhone.ActiveCfg = Release|iPhone
		{195FC761-7167-46F7-928D-EFF32E8EF3AD}.Release|iPhone.Build.0 = Release|iPhone
		{195FC761-7167-46F7-928D-EFF32E8EF3AD}.Release|iPhoneSimulator.ActiveCfg = Release|iPhoneSimulator
		{195FC761-7167-46F7-928D-EFF32E8EF3AD}.Release|iPhoneSimulator.Build.0 = Release|iPhoneSimulator
		{195FC761-7167-46F7-928D-EFF32E8EF3AD}.Release|x64.ActiveCfg = Release|iPhone
		{195FC761-7167-46F7-928D-EFF32E8EF3AD}.Release|x86.ActiveCfg = Release|iPhone
		{95ABD6D0-AD7A-4941-B2E2-9D55534722D8}.Ad-Hoc|Any CPU.ActiveCfg = Release|Any CPU
		{95ABD6D0-AD7A-4941-B2E2-9D55534722D8}.Ad-Hoc|Any CPU.Build.0 = Release|Any CPU
		{95ABD6D0-AD7A-4941-B2E2-9D55534722D8}.Ad-Hoc|Any CPU.Deploy.0 = Release|Any CPU
		{95ABD6D0-AD7A-4941-B2E2-9D55534722D8}.Ad-Hoc|ARM.ActiveCfg = Release|ARM
		{95ABD6D0-AD7A-4941-B2E2-9D55534722D8}.Ad-Hoc|ARM.Build.0 = Release|ARM
		{95ABD6D0-AD7A-4941-B2E2-9D55534722D8}.Ad-Hoc|ARM.Deploy.0 = Release|ARM
		{95ABD6D0-AD7A-4941-B2E2-9D55534722D8}.Ad-Hoc|iPhone.ActiveCfg = Release|Any CPU
		{95ABD6D0-AD7A-4941-B2E2-9D55534722D8}.Ad-Hoc|iPhone.Build.0 = Release|Any CPU
		{95ABD6D0-AD7A-4941-B2E2-9D55534722D8}.Ad-Hoc|iPhone.Deploy.0 = Release|Any CPU
		{95ABD6D0-AD7A-4941-B2E2-9D55534722D8}.Ad-Hoc|iPhoneSimulator.ActiveCfg = Release|Any CPU
		{95ABD6D0-AD7A-4941-B2E2-9D55534722D8}.Ad-Hoc|iPhoneSimulator.Build.0 = Release|Any CPU
		{95ABD6D0-AD7A-4941-B2E2-9D55534722D8}.Ad-Hoc|iPhoneSimulator.Deploy.0 = Release|Any CPU
		{95ABD6D0-AD7A-4941-B2E2-9D55534722D8}.Ad-Hoc|x64.ActiveCfg = Release|Any CPU
		{95ABD6D0-AD7A-4941-B2E2-9D55534722D8}.Ad-Hoc|x64.Build.0 = Release|Any CPU
		{95ABD6D0-AD7A-4941-B2E2-9D55534722D8}.Ad-Hoc|x64.Deploy.0 = Release|Any CPU
		{95ABD6D0-AD7A-4941-B2E2-9D55534722D8}.Ad-Hoc|x86.ActiveCfg = Release|x86
		{95ABD6D0-AD7A-4941-B2E2-9D55534722D8}.Ad-Hoc|x86.Build.0 = Release|x86
		{95ABD6D0-AD7A-4941-B2E2-9D55534722D8}.Ad-Hoc|x86.Deploy.0 = Release|x86
		{95ABD6D0-AD7A-4941-B2E2-9D55534722D8}.AppStore|Any CPU.ActiveCfg = Release|Any CPU
		{95ABD6D0-AD7A-4941-B2E2-9D55534722D8}.AppStore|Any CPU.Build.0 = Release|Any CPU
		{95ABD6D0-AD7A-4941-B2E2-9D55534722D8}.AppStore|Any CPU.Deploy.0 = Release|Any CPU
		{95ABD6D0-AD7A-4941-B2E2-9D55534722D8}.AppStore|ARM.ActiveCfg = Release|ARM
		{95ABD6D0-AD7A-4941-B2E2-9D55534722D8}.AppStore|ARM.Build.0 = Release|ARM
		{95ABD6D0-AD7A-4941-B2E2-9D55534722D8}.AppStore|ARM.Deploy.0 = Release|ARM
		{95ABD6D0-AD7A-4941-B2E2-9D55534722D8}.AppStore|iPhone.ActiveCfg = Release|Any CPU
		{95ABD6D0-AD7A-4941-B2E2-9D55534722D8}.AppStore|iPhone.Build.0 = Release|Any CPU
		{95ABD6D0-AD7A-4941-B2E2-9D55534722D8}.AppStore|iPhone.Deploy.0 = Release|Any CPU
		{95ABD6D0-AD7A-4941-B2E2-9D55534722D8}.AppStore|iPhoneSimulator.ActiveCfg = Release|Any CPU
		{95ABD6D0-AD7A-4941-B2E2-9D55534722D8}.AppStore|iPhoneSimulator.Build.0 = Release|Any CPU
		{95ABD6D0-AD7A-4941-B2E2-9D55534722D8}.AppStore|iPhoneSimulator.Deploy.0 = Release|Any CPU
		{95ABD6D0-AD7A-4941-B2E2-9D55534722D8}.AppStore|x64.ActiveCfg = Release|Any CPU
		{95ABD6D0-AD7A-4941-B2E2-9D55534722D8}.AppStore|x64.Build.0 = Release|Any CPU
		{95ABD6D0-AD7A-4941-B2E2-9D55534722D8}.AppStore|x64.Deploy.0 = Release|Any CPU
		{95ABD6D0-AD7A-4941-B2E2-9D55534722D8}.AppStore|x86.ActiveCfg = Release|x86
		{95ABD6D0-AD7A-4941-B2E2-9D55534722D8}.AppStore|x86.Build.0 = Release|x86
		{95ABD6D0-AD7A-4941-B2E2-9D55534722D8}.AppStore|x86.Deploy.0 = Release|x86
		{95ABD6D0-AD7A-4941-B2E2-9D55534722D8}.Debug|Any CPU.ActiveCfg = Debug|Any CPU
		{95ABD6D0-AD7A-4941-B2E2-9D55534722D8}.Debug|Any CPU.Build.0 = Debug|Any CPU
		{95ABD6D0-AD7A-4941-B2E2-9D55534722D8}.Debug|Any CPU.Deploy.0 = Debug|Any CPU
		{95ABD6D0-AD7A-4941-B2E2-9D55534722D8}.Debug|ARM.ActiveCfg = Debug|ARM
		{95ABD6D0-AD7A-4941-B2E2-9D55534722D8}.Debug|ARM.Build.0 = Debug|ARM
		{95ABD6D0-AD7A-4941-B2E2-9D55534722D8}.Debug|ARM.Deploy.0 = Debug|ARM
		{95ABD6D0-AD7A-4941-B2E2-9D55534722D8}.Debug|iPhone.ActiveCfg = Debug|Any CPU
		{95ABD6D0-AD7A-4941-B2E2-9D55534722D8}.Debug|iPhone.Build.0 = Debug|Any CPU
		{95ABD6D0-AD7A-4941-B2E2-9D55534722D8}.Debug|iPhone.Deploy.0 = Debug|Any CPU
		{95ABD6D0-AD7A-4941-B2E2-9D55534722D8}.Debug|iPhoneSimulator.ActiveCfg = Debug|Any CPU
		{95ABD6D0-AD7A-4941-B2E2-9D55534722D8}.Debug|iPhoneSimulator.Build.0 = Debug|Any CPU
		{95ABD6D0-AD7A-4941-B2E2-9D55534722D8}.Debug|iPhoneSimulator.Deploy.0 = Debug|Any CPU
		{95ABD6D0-AD7A-4941-B2E2-9D55534722D8}.Debug|x64.ActiveCfg = Debug|Any CPU
		{95ABD6D0-AD7A-4941-B2E2-9D55534722D8}.Debug|x64.Build.0 = Debug|Any CPU
		{95ABD6D0-AD7A-4941-B2E2-9D55534722D8}.Debug|x64.Deploy.0 = Debug|Any CPU
		{95ABD6D0-AD7A-4941-B2E2-9D55534722D8}.Debug|x86.ActiveCfg = Debug|x86
		{95ABD6D0-AD7A-4941-B2E2-9D55534722D8}.Debug|x86.Build.0 = Debug|x86
		{95ABD6D0-AD7A-4941-B2E2-9D55534722D8}.Debug|x86.Deploy.0 = Debug|x86
		{95ABD6D0-AD7A-4941-B2E2-9D55534722D8}.Release|Any CPU.ActiveCfg = Release|Any CPU
		{95ABD6D0-AD7A-4941-B2E2-9D55534722D8}.Release|Any CPU.Build.0 = Release|Any CPU
		{95ABD6D0-AD7A-4941-B2E2-9D55534722D8}.Release|Any CPU.Deploy.0 = Release|Any CPU
		{95ABD6D0-AD7A-4941-B2E2-9D55534722D8}.Release|ARM.ActiveCfg = Release|ARM
		{95ABD6D0-AD7A-4941-B2E2-9D55534722D8}.Release|ARM.Build.0 = Release|ARM
		{95ABD6D0-AD7A-4941-B2E2-9D55534722D8}.Release|ARM.Deploy.0 = Release|ARM
		{95ABD6D0-AD7A-4941-B2E2-9D55534722D8}.Release|iPhone.ActiveCfg = Release|Any CPU
		{95ABD6D0-AD7A-4941-B2E2-9D55534722D8}.Release|iPhone.Build.0 = Release|Any CPU
		{95ABD6D0-AD7A-4941-B2E2-9D55534722D8}.Release|iPhone.Deploy.0 = Release|Any CPU
		{95ABD6D0-AD7A-4941-B2E2-9D55534722D8}.Release|iPhoneSimulator.ActiveCfg = Release|Any CPU
		{95ABD6D0-AD7A-4941-B2E2-9D55534722D8}.Release|iPhoneSimulator.Build.0 = Release|Any CPU
		{95ABD6D0-AD7A-4941-B2E2-9D55534722D8}.Release|iPhoneSimulator.Deploy.0 = Release|Any CPU
		{95ABD6D0-AD7A-4941-B2E2-9D55534722D8}.Release|x64.ActiveCfg = Release|Any CPU
		{95ABD6D0-AD7A-4941-B2E2-9D55534722D8}.Release|x64.Build.0 = Release|Any CPU
		{95ABD6D0-AD7A-4941-B2E2-9D55534722D8}.Release|x64.Deploy.0 = Release|Any CPU
		{95ABD6D0-AD7A-4941-B2E2-9D55534722D8}.Release|x86.ActiveCfg = Release|x86
		{95ABD6D0-AD7A-4941-B2E2-9D55534722D8}.Release|x86.Build.0 = Release|x86
		{95ABD6D0-AD7A-4941-B2E2-9D55534722D8}.Release|x86.Deploy.0 = Release|x86
		{B75FAAD4-C06C-435D-A15B-84ABC427F8B6}.Ad-Hoc|Any CPU.ActiveCfg = Release|x86
		{B75FAAD4-C06C-435D-A15B-84ABC427F8B6}.Ad-Hoc|Any CPU.Build.0 = Release|x86
		{B75FAAD4-C06C-435D-A15B-84ABC427F8B6}.Ad-Hoc|Any CPU.Deploy.0 = Release|x86
		{B75FAAD4-C06C-435D-A15B-84ABC427F8B6}.Ad-Hoc|ARM.ActiveCfg = Release|ARM
		{B75FAAD4-C06C-435D-A15B-84ABC427F8B6}.Ad-Hoc|ARM.Build.0 = Release|ARM
		{B75FAAD4-C06C-435D-A15B-84ABC427F8B6}.Ad-Hoc|ARM.Deploy.0 = Release|ARM
		{B75FAAD4-C06C-435D-A15B-84ABC427F8B6}.Ad-Hoc|iPhone.ActiveCfg = Release|x86
		{B75FAAD4-C06C-435D-A15B-84ABC427F8B6}.Ad-Hoc|iPhone.Build.0 = Release|x86
		{B75FAAD4-C06C-435D-A15B-84ABC427F8B6}.Ad-Hoc|iPhone.Deploy.0 = Release|x86
		{B75FAAD4-C06C-435D-A15B-84ABC427F8B6}.Ad-Hoc|iPhoneSimulator.ActiveCfg = Release|x86
		{B75FAAD4-C06C-435D-A15B-84ABC427F8B6}.Ad-Hoc|iPhoneSimulator.Build.0 = Release|x86
		{B75FAAD4-C06C-435D-A15B-84ABC427F8B6}.Ad-Hoc|iPhoneSimulator.Deploy.0 = Release|x86
		{B75FAAD4-C06C-435D-A15B-84ABC427F8B6}.Ad-Hoc|x64.ActiveCfg = Release|x64
		{B75FAAD4-C06C-435D-A15B-84ABC427F8B6}.Ad-Hoc|x64.Build.0 = Release|x64
		{B75FAAD4-C06C-435D-A15B-84ABC427F8B6}.Ad-Hoc|x64.Deploy.0 = Release|x64
		{B75FAAD4-C06C-435D-A15B-84ABC427F8B6}.Ad-Hoc|x86.ActiveCfg = Release|x86
		{B75FAAD4-C06C-435D-A15B-84ABC427F8B6}.Ad-Hoc|x86.Build.0 = Release|x86
		{B75FAAD4-C06C-435D-A15B-84ABC427F8B6}.Ad-Hoc|x86.Deploy.0 = Release|x86
		{B75FAAD4-C06C-435D-A15B-84ABC427F8B6}.AppStore|Any CPU.ActiveCfg = Release|x86
		{B75FAAD4-C06C-435D-A15B-84ABC427F8B6}.AppStore|Any CPU.Build.0 = Release|x86
		{B75FAAD4-C06C-435D-A15B-84ABC427F8B6}.AppStore|Any CPU.Deploy.0 = Release|x86
		{B75FAAD4-C06C-435D-A15B-84ABC427F8B6}.AppStore|ARM.ActiveCfg = Release|ARM
		{B75FAAD4-C06C-435D-A15B-84ABC427F8B6}.AppStore|ARM.Build.0 = Release|ARM
		{B75FAAD4-C06C-435D-A15B-84ABC427F8B6}.AppStore|ARM.Deploy.0 = Release|ARM
		{B75FAAD4-C06C-435D-A15B-84ABC427F8B6}.AppStore|iPhone.ActiveCfg = Release|x86
		{B75FAAD4-C06C-435D-A15B-84ABC427F8B6}.AppStore|iPhone.Build.0 = Release|x86
		{B75FAAD4-C06C-435D-A15B-84ABC427F8B6}.AppStore|iPhone.Deploy.0 = Release|x86
		{B75FAAD4-C06C-435D-A15B-84ABC427F8B6}.AppStore|iPhoneSimulator.ActiveCfg = Release|x86
		{B75FAAD4-C06C-435D-A15B-84ABC427F8B6}.AppStore|iPhoneSimulator.Build.0 = Release|x86
		{B75FAAD4-C06C-435D-A15B-84ABC427F8B6}.AppStore|iPhoneSimulator.Deploy.0 = Release|x86
		{B75FAAD4-C06C-435D-A15B-84ABC427F8B6}.AppStore|x64.ActiveCfg = Release|x64
		{B75FAAD4-C06C-435D-A15B-84ABC427F8B6}.AppStore|x64.Build.0 = Release|x64
		{B75FAAD4-C06C-435D-A15B-84ABC427F8B6}.AppStore|x64.Deploy.0 = Release|x64
		{B75FAAD4-C06C-435D-A15B-84ABC427F8B6}.AppStore|x86.ActiveCfg = Release|x86
		{B75FAAD4-C06C-435D-A15B-84ABC427F8B6}.AppStore|x86.Build.0 = Release|x86
		{B75FAAD4-C06C-435D-A15B-84ABC427F8B6}.AppStore|x86.Deploy.0 = Release|x86
		{B75FAAD4-C06C-435D-A15B-84ABC427F8B6}.Debug|Any CPU.ActiveCfg = Debug|x86
		{B75FAAD4-C06C-435D-A15B-84ABC427F8B6}.Debug|ARM.ActiveCfg = Debug|ARM
		{B75FAAD4-C06C-435D-A15B-84ABC427F8B6}.Debug|ARM.Build.0 = Debug|ARM
		{B75FAAD4-C06C-435D-A15B-84ABC427F8B6}.Debug|ARM.Deploy.0 = Debug|ARM
		{B75FAAD4-C06C-435D-A15B-84ABC427F8B6}.Debug|iPhone.ActiveCfg = Debug|x86
		{B75FAAD4-C06C-435D-A15B-84ABC427F8B6}.Debug|iPhoneSimulator.ActiveCfg = Debug|x86
		{B75FAAD4-C06C-435D-A15B-84ABC427F8B6}.Debug|x64.ActiveCfg = Debug|x64
		{B75FAAD4-C06C-435D-A15B-84ABC427F8B6}.Debug|x64.Build.0 = Debug|x64
		{B75FAAD4-C06C-435D-A15B-84ABC427F8B6}.Debug|x64.Deploy.0 = Debug|x64
		{B75FAAD4-C06C-435D-A15B-84ABC427F8B6}.Debug|x86.ActiveCfg = Debug|x86
		{B75FAAD4-C06C-435D-A15B-84ABC427F8B6}.Debug|x86.Build.0 = Debug|x86
		{B75FAAD4-C06C-435D-A15B-84ABC427F8B6}.Debug|x86.Deploy.0 = Debug|x86
		{B75FAAD4-C06C-435D-A15B-84ABC427F8B6}.Release|Any CPU.ActiveCfg = Release|x86
		{B75FAAD4-C06C-435D-A15B-84ABC427F8B6}.Release|ARM.ActiveCfg = Release|ARM
		{B75FAAD4-C06C-435D-A15B-84ABC427F8B6}.Release|ARM.Build.0 = Release|ARM
		{B75FAAD4-C06C-435D-A15B-84ABC427F8B6}.Release|ARM.Deploy.0 = Release|ARM
		{B75FAAD4-C06C-435D-A15B-84ABC427F8B6}.Release|iPhone.ActiveCfg = Release|x86
		{B75FAAD4-C06C-435D-A15B-84ABC427F8B6}.Release|iPhoneSimulator.ActiveCfg = Release|x86
		{B75FAAD4-C06C-435D-A15B-84ABC427F8B6}.Release|x64.ActiveCfg = Release|x64
		{B75FAAD4-C06C-435D-A15B-84ABC427F8B6}.Release|x64.Build.0 = Release|x64
		{B75FAAD4-C06C-435D-A15B-84ABC427F8B6}.Release|x64.Deploy.0 = Release|x64
		{B75FAAD4-C06C-435D-A15B-84ABC427F8B6}.Release|x86.ActiveCfg = Release|x86
		{B75FAAD4-C06C-435D-A15B-84ABC427F8B6}.Release|x86.Build.0 = Release|x86
		{B75FAAD4-C06C-435D-A15B-84ABC427F8B6}.Release|x86.Deploy.0 = Release|x86
		{609BDA45-8D9D-49B3-A912-338D1C667D5A}.Ad-Hoc|Any CPU.ActiveCfg = Release|Any CPU
		{609BDA45-8D9D-49B3-A912-338D1C667D5A}.Ad-Hoc|Any CPU.Build.0 = Release|Any CPU
		{609BDA45-8D9D-49B3-A912-338D1C667D5A}.Ad-Hoc|Any CPU.Deploy.0 = Release|Any CPU
		{609BDA45-8D9D-49B3-A912-338D1C667D5A}.Ad-Hoc|ARM.ActiveCfg = Release|ARM
		{609BDA45-8D9D-49B3-A912-338D1C667D5A}.Ad-Hoc|ARM.Build.0 = Release|ARM
		{609BDA45-8D9D-49B3-A912-338D1C667D5A}.Ad-Hoc|ARM.Deploy.0 = Release|ARM
		{609BDA45-8D9D-49B3-A912-338D1C667D5A}.Ad-Hoc|iPhone.ActiveCfg = Release|Any CPU
		{609BDA45-8D9D-49B3-A912-338D1C667D5A}.Ad-Hoc|iPhone.Build.0 = Release|Any CPU
		{609BDA45-8D9D-49B3-A912-338D1C667D5A}.Ad-Hoc|iPhone.Deploy.0 = Release|Any CPU
		{609BDA45-8D9D-49B3-A912-338D1C667D5A}.Ad-Hoc|iPhoneSimulator.ActiveCfg = Release|Any CPU
		{609BDA45-8D9D-49B3-A912-338D1C667D5A}.Ad-Hoc|iPhoneSimulator.Build.0 = Release|Any CPU
		{609BDA45-8D9D-49B3-A912-338D1C667D5A}.Ad-Hoc|iPhoneSimulator.Deploy.0 = Release|Any CPU
		{609BDA45-8D9D-49B3-A912-338D1C667D5A}.Ad-Hoc|x64.ActiveCfg = Release|x64
		{609BDA45-8D9D-49B3-A912-338D1C667D5A}.Ad-Hoc|x64.Build.0 = Release|x64
		{609BDA45-8D9D-49B3-A912-338D1C667D5A}.Ad-Hoc|x64.Deploy.0 = Release|x64
		{609BDA45-8D9D-49B3-A912-338D1C667D5A}.Ad-Hoc|x86.ActiveCfg = Release|x86
		{609BDA45-8D9D-49B3-A912-338D1C667D5A}.Ad-Hoc|x86.Build.0 = Release|x86
		{609BDA45-8D9D-49B3-A912-338D1C667D5A}.Ad-Hoc|x86.Deploy.0 = Release|x86
		{609BDA45-8D9D-49B3-A912-338D1C667D5A}.AppStore|Any CPU.ActiveCfg = Release|Any CPU
		{609BDA45-8D9D-49B3-A912-338D1C667D5A}.AppStore|Any CPU.Build.0 = Release|Any CPU
		{609BDA45-8D9D-49B3-A912-338D1C667D5A}.AppStore|Any CPU.Deploy.0 = Release|Any CPU
		{609BDA45-8D9D-49B3-A912-338D1C667D5A}.AppStore|ARM.ActiveCfg = Release|ARM
		{609BDA45-8D9D-49B3-A912-338D1C667D5A}.AppStore|ARM.Build.0 = Release|ARM
		{609BDA45-8D9D-49B3-A912-338D1C667D5A}.AppStore|ARM.Deploy.0 = Release|ARM
		{609BDA45-8D9D-49B3-A912-338D1C667D5A}.AppStore|iPhone.ActiveCfg = Release|Any CPU
		{609BDA45-8D9D-49B3-A912-338D1C667D5A}.AppStore|iPhone.Build.0 = Release|Any CPU
		{609BDA45-8D9D-49B3-A912-338D1C667D5A}.AppStore|iPhone.Deploy.0 = Release|Any CPU
		{609BDA45-8D9D-49B3-A912-338D1C667D5A}.AppStore|iPhoneSimulator.ActiveCfg = Release|Any CPU
		{609BDA45-8D9D-49B3-A912-338D1C667D5A}.AppStore|iPhoneSimulator.Build.0 = Release|Any CPU
		{609BDA45-8D9D-49B3-A912-338D1C667D5A}.AppStore|iPhoneSimulator.Deploy.0 = Release|Any CPU
		{609BDA45-8D9D-49B3-A912-338D1C667D5A}.AppStore|x64.ActiveCfg = Release|x64
		{609BDA45-8D9D-49B3-A912-338D1C667D5A}.AppStore|x64.Build.0 = Release|x64
		{609BDA45-8D9D-49B3-A912-338D1C667D5A}.AppStore|x64.Deploy.0 = Release|x64
		{609BDA45-8D9D-49B3-A912-338D1C667D5A}.AppStore|x86.ActiveCfg = Release|x86
		{609BDA45-8D9D-49B3-A912-338D1C667D5A}.AppStore|x86.Build.0 = Release|x86
		{609BDA45-8D9D-49B3-A912-338D1C667D5A}.AppStore|x86.Deploy.0 = Release|x86
		{609BDA45-8D9D-49B3-A912-338D1C667D5A}.Debug|Any CPU.ActiveCfg = Debug|Any CPU
		{609BDA45-8D9D-49B3-A912-338D1C667D5A}.Debug|Any CPU.Build.0 = Debug|Any CPU
		{609BDA45-8D9D-49B3-A912-338D1C667D5A}.Debug|Any CPU.Deploy.0 = Debug|Any CPU
		{609BDA45-8D9D-49B3-A912-338D1C667D5A}.Debug|ARM.ActiveCfg = Debug|ARM
		{609BDA45-8D9D-49B3-A912-338D1C667D5A}.Debug|ARM.Build.0 = Debug|ARM
		{609BDA45-8D9D-49B3-A912-338D1C667D5A}.Debug|ARM.Deploy.0 = Debug|ARM
		{609BDA45-8D9D-49B3-A912-338D1C667D5A}.Debug|iPhone.ActiveCfg = Debug|Any CPU
		{609BDA45-8D9D-49B3-A912-338D1C667D5A}.Debug|iPhone.Build.0 = Debug|Any CPU
		{609BDA45-8D9D-49B3-A912-338D1C667D5A}.Debug|iPhone.Deploy.0 = Debug|Any CPU
		{609BDA45-8D9D-49B3-A912-338D1C667D5A}.Debug|iPhoneSimulator.ActiveCfg = Debug|Any CPU
		{609BDA45-8D9D-49B3-A912-338D1C667D5A}.Debug|iPhoneSimulator.Build.0 = Debug|Any CPU
		{609BDA45-8D9D-49B3-A912-338D1C667D5A}.Debug|iPhoneSimulator.Deploy.0 = Debug|Any CPU
		{609BDA45-8D9D-49B3-A912-338D1C667D5A}.Debug|x64.ActiveCfg = Debug|x64
		{609BDA45-8D9D-49B3-A912-338D1C667D5A}.Debug|x64.Build.0 = Debug|x64
		{609BDA45-8D9D-49B3-A912-338D1C667D5A}.Debug|x64.Deploy.0 = Debug|x64
		{609BDA45-8D9D-49B3-A912-338D1C667D5A}.Debug|x86.ActiveCfg = Debug|x86
		{609BDA45-8D9D-49B3-A912-338D1C667D5A}.Debug|x86.Build.0 = Debug|x86
		{609BDA45-8D9D-49B3-A912-338D1C667D5A}.Debug|x86.Deploy.0 = Debug|x86
		{609BDA45-8D9D-49B3-A912-338D1C667D5A}.Release|Any CPU.ActiveCfg = Release|Any CPU
		{609BDA45-8D9D-49B3-A912-338D1C667D5A}.Release|Any CPU.Build.0 = Release|Any CPU
		{609BDA45-8D9D-49B3-A912-338D1C667D5A}.Release|Any CPU.Deploy.0 = Release|Any CPU
		{609BDA45-8D9D-49B3-A912-338D1C667D5A}.Release|ARM.ActiveCfg = Release|ARM
		{609BDA45-8D9D-49B3-A912-338D1C667D5A}.Release|ARM.Build.0 = Release|ARM
		{609BDA45-8D9D-49B3-A912-338D1C667D5A}.Release|ARM.Deploy.0 = Release|ARM
		{609BDA45-8D9D-49B3-A912-338D1C667D5A}.Release|iPhone.ActiveCfg = Release|Any CPU
		{609BDA45-8D9D-49B3-A912-338D1C667D5A}.Release|iPhone.Build.0 = Release|Any CPU
		{609BDA45-8D9D-49B3-A912-338D1C667D5A}.Release|iPhone.Deploy.0 = Release|Any CPU
		{609BDA45-8D9D-49B3-A912-338D1C667D5A}.Release|iPhoneSimulator.ActiveCfg = Release|Any CPU
		{609BDA45-8D9D-49B3-A912-338D1C667D5A}.Release|iPhoneSimulator.Build.0 = Release|Any CPU
		{609BDA45-8D9D-49B3-A912-338D1C667D5A}.Release|iPhoneSimulator.Deploy.0 = Release|Any CPU
		{609BDA45-8D9D-49B3-A912-338D1C667D5A}.Release|x64.ActiveCfg = Release|x64
		{609BDA45-8D9D-49B3-A912-338D1C667D5A}.Release|x64.Build.0 = Release|x64
		{609BDA45-8D9D-49B3-A912-338D1C667D5A}.Release|x64.Deploy.0 = Release|x64
		{609BDA45-8D9D-49B3-A912-338D1C667D5A}.Release|x86.ActiveCfg = Release|x86
		{609BDA45-8D9D-49B3-A912-338D1C667D5A}.Release|x86.Build.0 = Release|x86
		{609BDA45-8D9D-49B3-A912-338D1C667D5A}.Release|x86.Deploy.0 = Release|x86
	EndGlobalSection
	GlobalSection(SolutionProperties) = preSolution
		HideSolutionNode = FALSE
	EndGlobalSection
EndGlobal
