
Microsoft Visual Studio Solution File, Format Version 12.00
# Visual Studio 14
VisualStudioVersion = 14.0.25420.1
MinimumVisualStudioVersion = 10.0.40219.1
Project("{FAE04EC0-301F-11D3-BF4B-00C04F79EFBC}") = "Previsao.Temp.Lab", "Previsao.Temp.Lab\Previsao.Temp.Lab\Previsao.Temp.Lab.csproj", "{7B6A04DA-9D45-4481-AB2B-C4728FCC64D0}"
EndProject
Project("{FAE04EC0-301F-11D3-BF4B-00C04F79EFBC}") = "Previsao.Temp.Lab.Droid", "Previsao.Temp.Lab\Previsao.Temp.Lab.Droid\Previsao.Temp.Lab.Droid.csproj", "{AFC548A1-93B4-4028-8258-98D15B2A712E}"
EndProject
Project("{FAE04EC0-301F-11D3-BF4B-00C04F79EFBC}") = "Previsao.Temp.Lab.iOS", "Previsao.Temp.Lab\Previsao.Temp.Lab.iOS\Previsao.Temp.Lab.iOS.csproj", "{50F875CA-82BE-4A70-BBF4-1B23E6EFFAFB}"
EndProject
Project("{FAE04EC0-301F-11D3-BF4B-00C04F79EFBC}") = "Previsao.Temp.Lab.UWP", "Previsao.Temp.Lab\Previsao.Temp.Lab.UWP\Previsao.Temp.Lab.UWP.csproj", "{20FC88D3-B2CE-4CC3-81A0-5085647EDBD3}"
EndProject
Project("{FAE04EC0-301F-11D3-BF4B-00C04F79EFBC}") = "Previsao.Temp.Lab.Windows", "Previsao.Temp.Lab\Previsao.Temp.Lab.Windows\Previsao.Temp.Lab.Windows.csproj", "{D2729002-0284-4BBD-BD42-ABC0F72420E2}"
EndProject
Project("{FAE04EC0-301F-11D3-BF4B-00C04F79EFBC}") = "Previsao.Temp.Lab.WinPhone", "Previsao.Temp.Lab\Previsao.Temp.Lab.WinPhone\Previsao.Temp.Lab.WinPhone.csproj", "{CC25E195-900C-42E2-B94E-7E725E12812D}"
EndProject
Global
	GlobalSection(SolutionConfigurationPlatforms) = preSolution
		Ad-Hoc|Any CPU = Ad-Hoc|Any CPU
		Ad-Hoc|ARM = Ad-Hoc|ARM
		Ad-Hoc|iPhone = Ad-Hoc|iPhone
		Ad-Hoc|iPhoneSimulator = Ad-Hoc|iPhoneSimulator
		Ad-Hoc|x64 = Ad-Hoc|x64
		Ad-Hoc|x86 = Ad-Hoc|x86
		AppStore|Any CPU = AppStore|Any CPU
		AppStore|ARM = AppStore|ARM
		AppStore|iPhone = AppStore|iPhone
		AppStore|iPhoneSimulator = AppStore|iPhoneSimulator
		AppStore|x64 = AppStore|x64
		AppStore|x86 = AppStore|x86
		Debug|Any CPU = Debug|Any CPU
		Debug|ARM = Debug|ARM
		Debug|iPhone = Debug|iPhone
		Debug|iPhoneSimulator = Debug|iPhoneSimulator
		Debug|x64 = Debug|x64
		Debug|x86 = Debug|x86
		Release|Any CPU = Release|Any CPU
		Release|ARM = Release|ARM
		Release|iPhone = Release|iPhone
		Release|iPhoneSimulator = Release|iPhoneSimulator
		Release|x64 = Release|x64
		Release|x86 = Release|x86
	EndGlobalSection
	GlobalSection(ProjectConfigurationPlatforms) = postSolution
		{7B6A04DA-9D45-4481-AB2B-C4728FCC64D0}.Ad-Hoc|Any CPU.ActiveCfg = Release|Any CPU
		{7B6A04DA-9D45-4481-AB2B-C4728FCC64D0}.Ad-Hoc|Any CPU.Build.0 = Release|Any CPU
		{7B6A04DA-9D45-4481-AB2B-C4728FCC64D0}.Ad-Hoc|ARM.ActiveCfg = Release|Any CPU
		{7B6A04DA-9D45-4481-AB2B-C4728FCC64D0}.Ad-Hoc|ARM.Build.0 = Release|Any CPU
		{7B6A04DA-9D45-4481-AB2B-C4728FCC64D0}.Ad-Hoc|iPhone.ActiveCfg = Release|Any CPU
		{7B6A04DA-9D45-4481-AB2B-C4728FCC64D0}.Ad-Hoc|iPhone.Build.0 = Release|Any CPU
		{7B6A04DA-9D45-4481-AB2B-C4728FCC64D0}.Ad-Hoc|iPhoneSimulator.ActiveCfg = Release|Any CPU
		{7B6A04DA-9D45-4481-AB2B-C4728FCC64D0}.Ad-Hoc|iPhoneSimulator.Build.0 = Release|Any CPU
		{7B6A04DA-9D45-4481-AB2B-C4728FCC64D0}.Ad-Hoc|x64.ActiveCfg = Release|Any CPU
		{7B6A04DA-9D45-4481-AB2B-C4728FCC64D0}.Ad-Hoc|x64.Build.0 = Release|Any CPU
		{7B6A04DA-9D45-4481-AB2B-C4728FCC64D0}.Ad-Hoc|x86.ActiveCfg = Release|Any CPU
		{7B6A04DA-9D45-4481-AB2B-C4728FCC64D0}.Ad-Hoc|x86.Build.0 = Release|Any CPU
		{7B6A04DA-9D45-4481-AB2B-C4728FCC64D0}.AppStore|Any CPU.ActiveCfg = Release|Any CPU
		{7B6A04DA-9D45-4481-AB2B-C4728FCC64D0}.AppStore|Any CPU.Build.0 = Release|Any CPU
		{7B6A04DA-9D45-4481-AB2B-C4728FCC64D0}.AppStore|ARM.ActiveCfg = Release|Any CPU
		{7B6A04DA-9D45-4481-AB2B-C4728FCC64D0}.AppStore|ARM.Build.0 = Release|Any CPU
		{7B6A04DA-9D45-4481-AB2B-C4728FCC64D0}.AppStore|iPhone.ActiveCfg = Release|Any CPU
		{7B6A04DA-9D45-4481-AB2B-C4728FCC64D0}.AppStore|iPhone.Build.0 = Release|Any CPU
		{7B6A04DA-9D45-4481-AB2B-C4728FCC64D0}.AppStore|iPhoneSimulator.ActiveCfg = Release|Any CPU
		{7B6A04DA-9D45-4481-AB2B-C4728FCC64D0}.AppStore|iPhoneSimulator.Build.0 = Release|Any CPU
		{7B6A04DA-9D45-4481-AB2B-C4728FCC64D0}.AppStore|x64.ActiveCfg = Release|Any CPU
		{7B6A04DA-9D45-4481-AB2B-C4728FCC64D0}.AppStore|x64.Build.0 = Release|Any CPU
		{7B6A04DA-9D45-4481-AB2B-C4728FCC64D0}.AppStore|x86.ActiveCfg = Release|Any CPU
		{7B6A04DA-9D45-4481-AB2B-C4728FCC64D0}.AppStore|x86.Build.0 = Release|Any CPU
		{7B6A04DA-9D45-4481-AB2B-C4728FCC64D0}.Debug|Any CPU.ActiveCfg = Debug|Any CPU
		{7B6A04DA-9D45-4481-AB2B-C4728FCC64D0}.Debug|Any CPU.Build.0 = Debug|Any CPU
		{7B6A04DA-9D45-4481-AB2B-C4728FCC64D0}.Debug|ARM.ActiveCfg = Debug|Any CPU
		{7B6A04DA-9D45-4481-AB2B-C4728FCC64D0}.Debug|ARM.Build.0 = Debug|Any CPU
		{7B6A04DA-9D45-4481-AB2B-C4728FCC64D0}.Debug|iPhone.ActiveCfg = Debug|Any CPU
		{7B6A04DA-9D45-4481-AB2B-C4728FCC64D0}.Debug|iPhone.Build.0 = Debug|Any CPU
		{7B6A04DA-9D45-4481-AB2B-C4728FCC64D0}.Debug|iPhoneSimulator.ActiveCfg = Debug|Any CPU
		{7B6A04DA-9D45-4481-AB2B-C4728FCC64D0}.Debug|iPhoneSimulator.Build.0 = Debug|Any CPU
		{7B6A04DA-9D45-4481-AB2B-C4728FCC64D0}.Debug|x64.ActiveCfg = Debug|Any CPU
		{7B6A04DA-9D45-4481-AB2B-C4728FCC64D0}.Debug|x64.Build.0 = Debug|Any CPU
		{7B6A04DA-9D45-4481-AB2B-C4728FCC64D0}.Debug|x86.ActiveCfg = Debug|Any CPU
		{7B6A04DA-9D45-4481-AB2B-C4728FCC64D0}.Debug|x86.Build.0 = Debug|Any CPU
		{7B6A04DA-9D45-4481-AB2B-C4728FCC64D0}.Release|Any CPU.ActiveCfg = Release|Any CPU
		{7B6A04DA-9D45-4481-AB2B-C4728FCC64D0}.Release|Any CPU.Build.0 = Release|Any CPU
		{7B6A04DA-9D45-4481-AB2B-C4728FCC64D0}.Release|ARM.ActiveCfg = Release|Any CPU
		{7B6A04DA-9D45-4481-AB2B-C4728FCC64D0}.Release|ARM.Build.0 = Release|Any CPU
		{7B6A04DA-9D45-4481-AB2B-C4728FCC64D0}.Release|iPhone.ActiveCfg = Release|Any CPU
		{7B6A04DA-9D45-4481-AB2B-C4728FCC64D0}.Release|iPhone.Build.0 = Release|Any CPU
		{7B6A04DA-9D45-4481-AB2B-C4728FCC64D0}.Release|iPhoneSimulator.ActiveCfg = Release|Any CPU
		{7B6A04DA-9D45-4481-AB2B-C4728FCC64D0}.Release|iPhoneSimulator.Build.0 = Release|Any CPU
		{7B6A04DA-9D45-4481-AB2B-C4728FCC64D0}.Release|x64.ActiveCfg = Release|Any CPU
		{7B6A04DA-9D45-4481-AB2B-C4728FCC64D0}.Release|x64.Build.0 = Release|Any CPU
		{7B6A04DA-9D45-4481-AB2B-C4728FCC64D0}.Release|x86.ActiveCfg = Release|Any CPU
		{7B6A04DA-9D45-4481-AB2B-C4728FCC64D0}.Release|x86.Build.0 = Release|Any CPU
		{AFC548A1-93B4-4028-8258-98D15B2A712E}.Ad-Hoc|Any CPU.ActiveCfg = Release|Any CPU
		{AFC548A1-93B4-4028-8258-98D15B2A712E}.Ad-Hoc|Any CPU.Build.0 = Release|Any CPU
		{AFC548A1-93B4-4028-8258-98D15B2A712E}.Ad-Hoc|Any CPU.Deploy.0 = Release|Any CPU
		{AFC548A1-93B4-4028-8258-98D15B2A712E}.Ad-Hoc|ARM.ActiveCfg = Release|Any CPU
		{AFC548A1-93B4-4028-8258-98D15B2A712E}.Ad-Hoc|ARM.Build.0 = Release|Any CPU
		{AFC548A1-93B4-4028-8258-98D15B2A712E}.Ad-Hoc|ARM.Deploy.0 = Release|Any CPU
		{AFC548A1-93B4-4028-8258-98D15B2A712E}.Ad-Hoc|iPhone.ActiveCfg = Release|Any CPU
		{AFC548A1-93B4-4028-8258-98D15B2A712E}.Ad-Hoc|iPhone.Build.0 = Release|Any CPU
		{AFC548A1-93B4-4028-8258-98D15B2A712E}.Ad-Hoc|iPhone.Deploy.0 = Release|Any CPU
		{AFC548A1-93B4-4028-8258-98D15B2A712E}.Ad-Hoc|iPhoneSimulator.ActiveCfg = Release|Any CPU
		{AFC548A1-93B4-4028-8258-98D15B2A712E}.Ad-Hoc|iPhoneSimulator.Build.0 = Release|Any CPU
		{AFC548A1-93B4-4028-8258-98D15B2A712E}.Ad-Hoc|iPhoneSimulator.Deploy.0 = Release|Any CPU
		{AFC548A1-93B4-4028-8258-98D15B2A712E}.Ad-Hoc|x64.ActiveCfg = Release|Any CPU
		{AFC548A1-93B4-4028-8258-98D15B2A712E}.Ad-Hoc|x64.Build.0 = Release|Any CPU
		{AFC548A1-93B4-4028-8258-98D15B2A712E}.Ad-Hoc|x64.Deploy.0 = Release|Any CPU
		{AFC548A1-93B4-4028-8258-98D15B2A712E}.Ad-Hoc|x86.ActiveCfg = Release|Any CPU
		{AFC548A1-93B4-4028-8258-98D15B2A712E}.Ad-Hoc|x86.Build.0 = Release|Any CPU
		{AFC548A1-93B4-4028-8258-98D15B2A712E}.Ad-Hoc|x86.Deploy.0 = Release|Any CPU
		{AFC548A1-93B4-4028-8258-98D15B2A712E}.AppStore|Any CPU.ActiveCfg = Release|Any CPU
		{AFC548A1-93B4-4028-8258-98D15B2A712E}.AppStore|Any CPU.Build.0 = Release|Any CPU
		{AFC548A1-93B4-4028-8258-98D15B2A712E}.AppStore|Any CPU.Deploy.0 = Release|Any CPU
		{AFC548A1-93B4-4028-8258-98D15B2A712E}.AppStore|ARM.ActiveCfg = Release|Any CPU
		{AFC548A1-93B4-4028-8258-98D15B2A712E}.AppStore|ARM.Build.0 = Release|Any CPU
		{AFC548A1-93B4-4028-8258-98D15B2A712E}.AppStore|ARM.Deploy.0 = Release|Any CPU
		{AFC548A1-93B4-4028-8258-98D15B2A712E}.AppStore|iPhone.ActiveCfg = Release|Any CPU
		{AFC548A1-93B4-4028-8258-98D15B2A712E}.AppStore|iPhone.Build.0 = Release|Any CPU
		{AFC548A1-93B4-4028-8258-98D15B2A712E}.AppStore|iPhone.Deploy.0 = Release|Any CPU
		{AFC548A1-93B4-4028-8258-98D15B2A712E}.AppStore|iPhoneSimulator.ActiveCfg = Release|Any CPU
		{AFC548A1-93B4-4028-8258-98D15B2A712E}.AppStore|iPhoneSimulator.Build.0 = Release|Any CPU
		{AFC548A1-93B4-4028-8258-98D15B2A712E}.AppStore|iPhoneSimulator.Deploy.0 = Release|Any CPU
		{AFC548A1-93B4-4028-8258-98D15B2A712E}.AppStore|x64.ActiveCfg = Release|Any CPU
		{AFC548A1-93B4-4028-8258-98D15B2A712E}.AppStore|x64.Build.0 = Release|Any CPU
		{AFC548A1-93B4-4028-8258-98D15B2A712E}.AppStore|x64.Deploy.0 = Release|Any CPU
		{AFC548A1-93B4-4028-8258-98D15B2A712E}.AppStore|x86.ActiveCfg = Release|Any CPU
		{AFC548A1-93B4-4028-8258-98D15B2A712E}.AppStore|x86.Build.0 = Release|Any CPU
		{AFC548A1-93B4-4028-8258-98D15B2A712E}.AppStore|x86.Deploy.0 = Release|Any CPU
		{AFC548A1-93B4-4028-8258-98D15B2A712E}.Debug|Any CPU.ActiveCfg = Debug|Any CPU
		{AFC548A1-93B4-4028-8258-98D15B2A712E}.Debug|Any CPU.Build.0 = Debug|Any CPU
		{AFC548A1-93B4-4028-8258-98D15B2A712E}.Debug|Any CPU.Deploy.0 = Debug|Any CPU
		{AFC548A1-93B4-4028-8258-98D15B2A712E}.Debug|ARM.ActiveCfg = Debug|Any CPU
		{AFC548A1-93B4-4028-8258-98D15B2A712E}.Debug|ARM.Build.0 = Debug|Any CPU
		{AFC548A1-93B4-4028-8258-98D15B2A712E}.Debug|ARM.Deploy.0 = Debug|Any CPU
		{AFC548A1-93B4-4028-8258-98D15B2A712E}.Debug|iPhone.ActiveCfg = Debug|Any CPU
		{AFC548A1-93B4-4028-8258-98D15B2A712E}.Debug|iPhone.Build.0 = Debug|Any CPU
		{AFC548A1-93B4-4028-8258-98D15B2A712E}.Debug|iPhone.Deploy.0 = Debug|Any CPU
		{AFC548A1-93B4-4028-8258-98D15B2A712E}.Debug|iPhoneSimulator.ActiveCfg = Debug|Any CPU
		{AFC548A1-93B4-4028-8258-98D15B2A712E}.Debug|iPhoneSimulator.Build.0 = Debug|Any CPU
		{AFC548A1-93B4-4028-8258-98D15B2A712E}.Debug|iPhoneSimulator.Deploy.0 = Debug|Any CPU
		{AFC548A1-93B4-4028-8258-98D15B2A712E}.Debug|x64.ActiveCfg = Debug|Any CPU
		{AFC548A1-93B4-4028-8258-98D15B2A712E}.Debug|x64.Build.0 = Debug|Any CPU
		{AFC548A1-93B4-4028-8258-98D15B2A712E}.Debug|x64.Deploy.0 = Debug|Any CPU
		{AFC548A1-93B4-4028-8258-98D15B2A712E}.Debug|x86.ActiveCfg = Debug|Any CPU
		{AFC548A1-93B4-4028-8258-98D15B2A712E}.Debug|x86.Build.0 = Debug|Any CPU
		{AFC548A1-93B4-4028-8258-98D15B2A712E}.Debug|x86.Deploy.0 = Debug|Any CPU
		{AFC548A1-93B4-4028-8258-98D15B2A712E}.Release|Any CPU.ActiveCfg = Release|Any CPU
		{AFC548A1-93B4-4028-8258-98D15B2A712E}.Release|Any CPU.Build.0 = Release|Any CPU
		{AFC548A1-93B4-4028-8258-98D15B2A712E}.Release|Any CPU.Deploy.0 = Release|Any CPU
		{AFC548A1-93B4-4028-8258-98D15B2A712E}.Release|ARM.ActiveCfg = Release|Any CPU
		{AFC548A1-93B4-4028-8258-98D15B2A712E}.Release|ARM.Build.0 = Release|Any CPU
		{AFC548A1-93B4-4028-8258-98D15B2A712E}.Release|ARM.Deploy.0 = Release|Any CPU
		{AFC548A1-93B4-4028-8258-98D15B2A712E}.Release|iPhone.ActiveCfg = Release|Any CPU
		{AFC548A1-93B4-4028-8258-98D15B2A712E}.Release|iPhone.Build.0 = Release|Any CPU
		{AFC548A1-93B4-4028-8258-98D15B2A712E}.Release|iPhone.Deploy.0 = Release|Any CPU
		{AFC548A1-93B4-4028-8258-98D15B2A712E}.Release|iPhoneSimulator.ActiveCfg = Release|Any CPU
		{AFC548A1-93B4-4028-8258-98D15B2A712E}.Release|iPhoneSimulator.Build.0 = Release|Any CPU
		{AFC548A1-93B4-4028-8258-98D15B2A712E}.Release|iPhoneSimulator.Deploy.0 = Release|Any CPU
		{AFC548A1-93B4-4028-8258-98D15B2A712E}.Release|x64.ActiveCfg = Release|Any CPU
		{AFC548A1-93B4-4028-8258-98D15B2A712E}.Release|x64.Build.0 = Release|Any CPU
		{AFC548A1-93B4-4028-8258-98D15B2A712E}.Release|x64.Deploy.0 = Release|Any CPU
		{AFC548A1-93B4-4028-8258-98D15B2A712E}.Release|x86.ActiveCfg = Release|Any CPU
		{AFC548A1-93B4-4028-8258-98D15B2A712E}.Release|x86.Build.0 = Release|Any CPU
		{AFC548A1-93B4-4028-8258-98D15B2A712E}.Release|x86.Deploy.0 = Release|Any CPU
		{50F875CA-82BE-4A70-BBF4-1B23E6EFFAFB}.Ad-Hoc|Any CPU.ActiveCfg = Ad-Hoc|iPhone
		{50F875CA-82BE-4A70-BBF4-1B23E6EFFAFB}.Ad-Hoc|ARM.ActiveCfg = Ad-Hoc|iPhone
		{50F875CA-82BE-4A70-BBF4-1B23E6EFFAFB}.Ad-Hoc|iPhone.ActiveCfg = Ad-Hoc|iPhone
		{50F875CA-82BE-4A70-BBF4-1B23E6EFFAFB}.Ad-Hoc|iPhone.Build.0 = Ad-Hoc|iPhone
		{50F875CA-82BE-4A70-BBF4-1B23E6EFFAFB}.Ad-Hoc|iPhoneSimulator.ActiveCfg = Ad-Hoc|iPhoneSimulator
		{50F875CA-82BE-4A70-BBF4-1B23E6EFFAFB}.Ad-Hoc|iPhoneSimulator.Build.0 = Ad-Hoc|iPhoneSimulator
		{50F875CA-82BE-4A70-BBF4-1B23E6EFFAFB}.Ad-Hoc|x64.ActiveCfg = Ad-Hoc|iPhone
		{50F875CA-82BE-4A70-BBF4-1B23E6EFFAFB}.Ad-Hoc|x86.ActiveCfg = Ad-Hoc|iPhone
		{50F875CA-82BE-4A70-BBF4-1B23E6EFFAFB}.AppStore|Any CPU.ActiveCfg = AppStore|iPhone
		{50F875CA-82BE-4A70-BBF4-1B23E6EFFAFB}.AppStore|ARM.ActiveCfg = AppStore|iPhone
		{50F875CA-82BE-4A70-BBF4-1B23E6EFFAFB}.AppStore|iPhone.ActiveCfg = AppStore|iPhone
		{50F875CA-82BE-4A70-BBF4-1B23E6EFFAFB}.AppStore|iPhone.Build.0 = AppStore|iPhone
		{50F875CA-82BE-4A70-BBF4-1B23E6EFFAFB}.AppStore|iPhoneSimulator.ActiveCfg = AppStore|iPhoneSimulator
		{50F875CA-82BE-4A70-BBF4-1B23E6EFFAFB}.AppStore|iPhoneSimulator.Build.0 = AppStore|iPhoneSimulator
		{50F875CA-82BE-4A70-BBF4-1B23E6EFFAFB}.AppStore|x64.ActiveCfg = AppStore|iPhone
		{50F875CA-82BE-4A70-BBF4-1B23E6EFFAFB}.AppStore|x86.ActiveCfg = AppStore|iPhone
		{50F875CA-82BE-4A70-BBF4-1B23E6EFFAFB}.Debug|Any CPU.ActiveCfg = Debug|iPhone
		{50F875CA-82BE-4A70-BBF4-1B23E6EFFAFB}.Debug|ARM.ActiveCfg = Debug|iPhone
		{50F875CA-82BE-4A70-BBF4-1B23E6EFFAFB}.Debug|iPhone.ActiveCfg = Debug|iPhone
		{50F875CA-82BE-4A70-BBF4-1B23E6EFFAFB}.Debug|iPhone.Build.0 = Debug|iPhone
		{50F875CA-82BE-4A70-BBF4-1B23E6EFFAFB}.Debug|iPhoneSimulator.ActiveCfg = Debug|iPhoneSimulator
		{50F875CA-82BE-4A70-BBF4-1B23E6EFFAFB}.Debug|iPhoneSimulator.Build.0 = Debug|iPhoneSimulator
		{50F875CA-82BE-4A70-BBF4-1B23E6EFFAFB}.Debug|x64.ActiveCfg = Debug|iPhone
		{50F875CA-82BE-4A70-BBF4-1B23E6EFFAFB}.Debug|x86.ActiveCfg = Debug|iPhone
		{50F875CA-82BE-4A70-BBF4-1B23E6EFFAFB}.Release|Any CPU.ActiveCfg = Release|iPhone
		{50F875CA-82BE-4A70-BBF4-1B23E6EFFAFB}.Release|ARM.ActiveCfg = Release|iPhone
		{50F875CA-82BE-4A70-BBF4-1B23E6EFFAFB}.Release|iPhone.ActiveCfg = Release|iPhone
		{50F875CA-82BE-4A70-BBF4-1B23E6EFFAFB}.Release|iPhone.Build.0 = Release|iPhone
		{50F875CA-82BE-4A70-BBF4-1B23E6EFFAFB}.Release|iPhoneSimulator.ActiveCfg = Release|iPhoneSimulator
		{50F875CA-82BE-4A70-BBF4-1B23E6EFFAFB}.Release|iPhoneSimulator.Build.0 = Release|iPhoneSimulator
		{50F875CA-82BE-4A70-BBF4-1B23E6EFFAFB}.Release|x64.ActiveCfg = Release|iPhone
		{50F875CA-82BE-4A70-BBF4-1B23E6EFFAFB}.Release|x86.ActiveCfg = Release|iPhone
		{20FC88D3-B2CE-4CC3-81A0-5085647EDBD3}.Ad-Hoc|Any CPU.ActiveCfg = Release|x86
		{20FC88D3-B2CE-4CC3-81A0-5085647EDBD3}.Ad-Hoc|Any CPU.Build.0 = Release|x86
		{20FC88D3-B2CE-4CC3-81A0-5085647EDBD3}.Ad-Hoc|Any CPU.Deploy.0 = Release|x86
		{20FC88D3-B2CE-4CC3-81A0-5085647EDBD3}.Ad-Hoc|ARM.ActiveCfg = Release|ARM
		{20FC88D3-B2CE-4CC3-81A0-5085647EDBD3}.Ad-Hoc|ARM.Build.0 = Release|ARM
		{20FC88D3-B2CE-4CC3-81A0-5085647EDBD3}.Ad-Hoc|ARM.Deploy.0 = Release|ARM
		{20FC88D3-B2CE-4CC3-81A0-5085647EDBD3}.Ad-Hoc|iPhone.ActiveCfg = Release|x86
		{20FC88D3-B2CE-4CC3-81A0-5085647EDBD3}.Ad-Hoc|iPhone.Build.0 = Release|x86
		{20FC88D3-B2CE-4CC3-81A0-5085647EDBD3}.Ad-Hoc|iPhone.Deploy.0 = Release|x86
		{20FC88D3-B2CE-4CC3-81A0-5085647EDBD3}.Ad-Hoc|iPhoneSimulator.ActiveCfg = Release|x86
		{20FC88D3-B2CE-4CC3-81A0-5085647EDBD3}.Ad-Hoc|iPhoneSimulator.Build.0 = Release|x86
		{20FC88D3-B2CE-4CC3-81A0-5085647EDBD3}.Ad-Hoc|iPhoneSimulator.Deploy.0 = Release|x86
		{20FC88D3-B2CE-4CC3-81A0-5085647EDBD3}.Ad-Hoc|x64.ActiveCfg = Release|x64
		{20FC88D3-B2CE-4CC3-81A0-5085647EDBD3}.Ad-Hoc|x64.Build.0 = Release|x64
		{20FC88D3-B2CE-4CC3-81A0-5085647EDBD3}.Ad-Hoc|x64.Deploy.0 = Release|x64
		{20FC88D3-B2CE-4CC3-81A0-5085647EDBD3}.Ad-Hoc|x86.ActiveCfg = Release|x86
		{20FC88D3-B2CE-4CC3-81A0-5085647EDBD3}.Ad-Hoc|x86.Build.0 = Release|x86
		{20FC88D3-B2CE-4CC3-81A0-5085647EDBD3}.Ad-Hoc|x86.Deploy.0 = Release|x86
		{20FC88D3-B2CE-4CC3-81A0-5085647EDBD3}.AppStore|Any CPU.ActiveCfg = Release|x86
		{20FC88D3-B2CE-4CC3-81A0-5085647EDBD3}.AppStore|Any CPU.Build.0 = Release|x86
		{20FC88D3-B2CE-4CC3-81A0-5085647EDBD3}.AppStore|Any CPU.Deploy.0 = Release|x86
		{20FC88D3-B2CE-4CC3-81A0-5085647EDBD3}.AppStore|ARM.ActiveCfg = Release|ARM
		{20FC88D3-B2CE-4CC3-81A0-5085647EDBD3}.AppStore|ARM.Build.0 = Release|ARM
		{20FC88D3-B2CE-4CC3-81A0-5085647EDBD3}.AppStore|ARM.Deploy.0 = Release|ARM
		{20FC88D3-B2CE-4CC3-81A0-5085647EDBD3}.AppStore|iPhone.ActiveCfg = Release|x86
		{20FC88D3-B2CE-4CC3-81A0-5085647EDBD3}.AppStore|iPhone.Build.0 = Release|x86
		{20FC88D3-B2CE-4CC3-81A0-5085647EDBD3}.AppStore|iPhone.Deploy.0 = Release|x86
		{20FC88D3-B2CE-4CC3-81A0-5085647EDBD3}.AppStore|iPhoneSimulator.ActiveCfg = Release|x86
		{20FC88D3-B2CE-4CC3-81A0-5085647EDBD3}.AppStore|iPhoneSimulator.Build.0 = Release|x86
		{20FC88D3-B2CE-4CC3-81A0-5085647EDBD3}.AppStore|iPhoneSimulator.Deploy.0 = Release|x86
		{20FC88D3-B2CE-4CC3-81A0-5085647EDBD3}.AppStore|x64.ActiveCfg = Release|x64
		{20FC88D3-B2CE-4CC3-81A0-5085647EDBD3}.AppStore|x64.Build.0 = Release|x64
		{20FC88D3-B2CE-4CC3-81A0-5085647EDBD3}.AppStore|x64.Deploy.0 = Release|x64
		{20FC88D3-B2CE-4CC3-81A0-5085647EDBD3}.AppStore|x86.ActiveCfg = Release|x86
		{20FC88D3-B2CE-4CC3-81A0-5085647EDBD3}.AppStore|x86.Build.0 = Release|x86
		{20FC88D3-B2CE-4CC3-81A0-5085647EDBD3}.AppStore|x86.Deploy.0 = Release|x86
		{20FC88D3-B2CE-4CC3-81A0-5085647EDBD3}.Debug|Any CPU.ActiveCfg = Debug|x86
		{20FC88D3-B2CE-4CC3-81A0-5085647EDBD3}.Debug|ARM.ActiveCfg = Debug|ARM
		{20FC88D3-B2CE-4CC3-81A0-5085647EDBD3}.Debug|ARM.Build.0 = Debug|ARM
		{20FC88D3-B2CE-4CC3-81A0-5085647EDBD3}.Debug|ARM.Deploy.0 = Debug|ARM
		{20FC88D3-B2CE-4CC3-81A0-5085647EDBD3}.Debug|iPhone.ActiveCfg = Debug|x86
		{20FC88D3-B2CE-4CC3-81A0-5085647EDBD3}.Debug|iPhoneSimulator.ActiveCfg = Debug|x86
		{20FC88D3-B2CE-4CC3-81A0-5085647EDBD3}.Debug|x64.ActiveCfg = Debug|x64
		{20FC88D3-B2CE-4CC3-81A0-5085647EDBD3}.Debug|x64.Build.0 = Debug|x64
		{20FC88D3-B2CE-4CC3-81A0-5085647EDBD3}.Debug|x64.Deploy.0 = Debug|x64
		{20FC88D3-B2CE-4CC3-81A0-5085647EDBD3}.Debug|x86.ActiveCfg = Debug|x86
		{20FC88D3-B2CE-4CC3-81A0-5085647EDBD3}.Debug|x86.Build.0 = Debug|x86
		{20FC88D3-B2CE-4CC3-81A0-5085647EDBD3}.Debug|x86.Deploy.0 = Debug|x86
		{20FC88D3-B2CE-4CC3-81A0-5085647EDBD3}.Release|Any CPU.ActiveCfg = Release|x86
		{20FC88D3-B2CE-4CC3-81A0-5085647EDBD3}.Release|ARM.ActiveCfg = Release|ARM
		{20FC88D3-B2CE-4CC3-81A0-5085647EDBD3}.Release|ARM.Build.0 = Release|ARM
		{20FC88D3-B2CE-4CC3-81A0-5085647EDBD3}.Release|ARM.Deploy.0 = Release|ARM
		{20FC88D3-B2CE-4CC3-81A0-5085647EDBD3}.Release|iPhone.ActiveCfg = Release|x86
		{20FC88D3-B2CE-4CC3-81A0-5085647EDBD3}.Release|iPhoneSimulator.ActiveCfg = Release|x86
		{20FC88D3-B2CE-4CC3-81A0-5085647EDBD3}.Release|x64.ActiveCfg = Release|x64
		{20FC88D3-B2CE-4CC3-81A0-5085647EDBD3}.Release|x64.Build.0 = Release|x64
		{20FC88D3-B2CE-4CC3-81A0-5085647EDBD3}.Release|x64.Deploy.0 = Release|x64
		{20FC88D3-B2CE-4CC3-81A0-5085647EDBD3}.Release|x86.ActiveCfg = Release|x86
		{20FC88D3-B2CE-4CC3-81A0-5085647EDBD3}.Release|x86.Build.0 = Release|x86
		{20FC88D3-B2CE-4CC3-81A0-5085647EDBD3}.Release|x86.Deploy.0 = Release|x86
		{D2729002-0284-4BBD-BD42-ABC0F72420E2}.Ad-Hoc|Any CPU.ActiveCfg = Release|Any CPU
		{D2729002-0284-4BBD-BD42-ABC0F72420E2}.Ad-Hoc|Any CPU.Build.0 = Release|Any CPU
		{D2729002-0284-4BBD-BD42-ABC0F72420E2}.Ad-Hoc|Any CPU.Deploy.0 = Release|Any CPU
		{D2729002-0284-4BBD-BD42-ABC0F72420E2}.Ad-Hoc|ARM.ActiveCfg = Release|ARM
		{D2729002-0284-4BBD-BD42-ABC0F72420E2}.Ad-Hoc|ARM.Build.0 = Release|ARM
		{D2729002-0284-4BBD-BD42-ABC0F72420E2}.Ad-Hoc|ARM.Deploy.0 = Release|ARM
		{D2729002-0284-4BBD-BD42-ABC0F72420E2}.Ad-Hoc|iPhone.ActiveCfg = Release|Any CPU
		{D2729002-0284-4BBD-BD42-ABC0F72420E2}.Ad-Hoc|iPhone.Build.0 = Release|Any CPU
		{D2729002-0284-4BBD-BD42-ABC0F72420E2}.Ad-Hoc|iPhone.Deploy.0 = Release|Any CPU
		{D2729002-0284-4BBD-BD42-ABC0F72420E2}.Ad-Hoc|iPhoneSimulator.ActiveCfg = Release|Any CPU
		{D2729002-0284-4BBD-BD42-ABC0F72420E2}.Ad-Hoc|iPhoneSimulator.Build.0 = Release|Any CPU
		{D2729002-0284-4BBD-BD42-ABC0F72420E2}.Ad-Hoc|iPhoneSimulator.Deploy.0 = Release|Any CPU
		{D2729002-0284-4BBD-BD42-ABC0F72420E2}.Ad-Hoc|x64.ActiveCfg = Release|x64
		{D2729002-0284-4BBD-BD42-ABC0F72420E2}.Ad-Hoc|x64.Build.0 = Release|x64
		{D2729002-0284-4BBD-BD42-ABC0F72420E2}.Ad-Hoc|x64.Deploy.0 = Release|x64
		{D2729002-0284-4BBD-BD42-ABC0F72420E2}.Ad-Hoc|x86.ActiveCfg = Release|x86
		{D2729002-0284-4BBD-BD42-ABC0F72420E2}.Ad-Hoc|x86.Build.0 = Release|x86
		{D2729002-0284-4BBD-BD42-ABC0F72420E2}.Ad-Hoc|x86.Deploy.0 = Release|x86
		{D2729002-0284-4BBD-BD42-ABC0F72420E2}.AppStore|Any CPU.ActiveCfg = Release|Any CPU
		{D2729002-0284-4BBD-BD42-ABC0F72420E2}.AppStore|Any CPU.Build.0 = Release|Any CPU
		{D2729002-0284-4BBD-BD42-ABC0F72420E2}.AppStore|Any CPU.Deploy.0 = Release|Any CPU
		{D2729002-0284-4BBD-BD42-ABC0F72420E2}.AppStore|ARM.ActiveCfg = Release|ARM
		{D2729002-0284-4BBD-BD42-ABC0F72420E2}.AppStore|ARM.Build.0 = Release|ARM
		{D2729002-0284-4BBD-BD42-ABC0F72420E2}.AppStore|ARM.Deploy.0 = Release|ARM
		{D2729002-0284-4BBD-BD42-ABC0F72420E2}.AppStore|iPhone.ActiveCfg = Release|Any CPU
		{D2729002-0284-4BBD-BD42-ABC0F72420E2}.AppStore|iPhone.Build.0 = Release|Any CPU
		{D2729002-0284-4BBD-BD42-ABC0F72420E2}.AppStore|iPhone.Deploy.0 = Release|Any CPU
		{D2729002-0284-4BBD-BD42-ABC0F72420E2}.AppStore|iPhoneSimulator.ActiveCfg = Release|Any CPU
		{D2729002-0284-4BBD-BD42-ABC0F72420E2}.AppStore|iPhoneSimulator.Build.0 = Release|Any CPU
		{D2729002-0284-4BBD-BD42-ABC0F72420E2}.AppStore|iPhoneSimulator.Deploy.0 = Release|Any CPU
		{D2729002-0284-4BBD-BD42-ABC0F72420E2}.AppStore|x64.ActiveCfg = Release|x64
		{D2729002-0284-4BBD-BD42-ABC0F72420E2}.AppStore|x64.Build.0 = Release|x64
		{D2729002-0284-4BBD-BD42-ABC0F72420E2}.AppStore|x64.Deploy.0 = Release|x64
		{D2729002-0284-4BBD-BD42-ABC0F72420E2}.AppStore|x86.ActiveCfg = Release|x86
		{D2729002-0284-4BBD-BD42-ABC0F72420E2}.AppStore|x86.Build.0 = Release|x86
		{D2729002-0284-4BBD-BD42-ABC0F72420E2}.AppStore|x86.Deploy.0 = Release|x86
		{D2729002-0284-4BBD-BD42-ABC0F72420E2}.Debug|Any CPU.ActiveCfg = Debug|Any CPU
		{D2729002-0284-4BBD-BD42-ABC0F72420E2}.Debug|Any CPU.Build.0 = Debug|Any CPU
		{D2729002-0284-4BBD-BD42-ABC0F72420E2}.Debug|Any CPU.Deploy.0 = Debug|Any CPU
		{D2729002-0284-4BBD-BD42-ABC0F72420E2}.Debug|ARM.ActiveCfg = Debug|ARM
		{D2729002-0284-4BBD-BD42-ABC0F72420E2}.Debug|ARM.Build.0 = Debug|ARM
		{D2729002-0284-4BBD-BD42-ABC0F72420E2}.Debug|ARM.Deploy.0 = Debug|ARM
		{D2729002-0284-4BBD-BD42-ABC0F72420E2}.Debug|iPhone.ActiveCfg = Debug|Any CPU
		{D2729002-0284-4BBD-BD42-ABC0F72420E2}.Debug|iPhone.Build.0 = Debug|Any CPU
		{D2729002-0284-4BBD-BD42-ABC0F72420E2}.Debug|iPhone.Deploy.0 = Debug|Any CPU
		{D2729002-0284-4BBD-BD42-ABC0F72420E2}.Debug|iPhoneSimulator.ActiveCfg = Debug|Any CPU
		{D2729002-0284-4BBD-BD42-ABC0F72420E2}.Debug|iPhoneSimulator.Build.0 = Debug|Any CPU
		{D2729002-0284-4BBD-BD42-ABC0F72420E2}.Debug|iPhoneSimulator.Deploy.0 = Debug|Any CPU
		{D2729002-0284-4BBD-BD42-ABC0F72420E2}.Debug|x64.ActiveCfg = Debug|x64
		{D2729002-0284-4BBD-BD42-ABC0F72420E2}.Debug|x64.Build.0 = Debug|x64
		{D2729002-0284-4BBD-BD42-ABC0F72420E2}.Debug|x64.Deploy.0 = Debug|x64
		{D2729002-0284-4BBD-BD42-ABC0F72420E2}.Debug|x86.ActiveCfg = Debug|x86
		{D2729002-0284-4BBD-BD42-ABC0F72420E2}.Debug|x86.Build.0 = Debug|x86
		{D2729002-0284-4BBD-BD42-ABC0F72420E2}.Debug|x86.Deploy.0 = Debug|x86
		{D2729002-0284-4BBD-BD42-ABC0F72420E2}.Release|Any CPU.ActiveCfg = Release|Any CPU
		{D2729002-0284-4BBD-BD42-ABC0F72420E2}.Release|Any CPU.Build.0 = Release|Any CPU
		{D2729002-0284-4BBD-BD42-ABC0F72420E2}.Release|Any CPU.Deploy.0 = Release|Any CPU
		{D2729002-0284-4BBD-BD42-ABC0F72420E2}.Release|ARM.ActiveCfg = Release|ARM
		{D2729002-0284-4BBD-BD42-ABC0F72420E2}.Release|ARM.Build.0 = Release|ARM
		{D2729002-0284-4BBD-BD42-ABC0F72420E2}.Release|ARM.Deploy.0 = Release|ARM
		{D2729002-0284-4BBD-BD42-ABC0F72420E2}.Release|iPhone.ActiveCfg = Release|Any CPU
		{D2729002-0284-4BBD-BD42-ABC0F72420E2}.Release|iPhone.Build.0 = Release|Any CPU
		{D2729002-0284-4BBD-BD42-ABC0F72420E2}.Release|iPhone.Deploy.0 = Release|Any CPU
		{D2729002-0284-4BBD-BD42-ABC0F72420E2}.Release|iPhoneSimulator.ActiveCfg = Release|Any CPU
		{D2729002-0284-4BBD-BD42-ABC0F72420E2}.Release|iPhoneSimulator.Build.0 = Release|Any CPU
		{D2729002-0284-4BBD-BD42-ABC0F72420E2}.Release|iPhoneSimulator.Deploy.0 = Release|Any CPU
		{D2729002-0284-4BBD-BD42-ABC0F72420E2}.Release|x64.ActiveCfg = Release|x64
		{D2729002-0284-4BBD-BD42-ABC0F72420E2}.Release|x64.Build.0 = Release|x64
		{D2729002-0284-4BBD-BD42-ABC0F72420E2}.Release|x64.Deploy.0 = Release|x64
		{D2729002-0284-4BBD-BD42-ABC0F72420E2}.Release|x86.ActiveCfg = Release|x86
		{D2729002-0284-4BBD-BD42-ABC0F72420E2}.Release|x86.Build.0 = Release|x86
		{D2729002-0284-4BBD-BD42-ABC0F72420E2}.Release|x86.Deploy.0 = Release|x86
		{CC25E195-900C-42E2-B94E-7E725E12812D}.Ad-Hoc|Any CPU.ActiveCfg = Release|Any CPU
		{CC25E195-900C-42E2-B94E-7E725E12812D}.Ad-Hoc|Any CPU.Build.0 = Release|Any CPU
		{CC25E195-900C-42E2-B94E-7E725E12812D}.Ad-Hoc|Any CPU.Deploy.0 = Release|Any CPU
		{CC25E195-900C-42E2-B94E-7E725E12812D}.Ad-Hoc|ARM.ActiveCfg = Release|ARM
		{CC25E195-900C-42E2-B94E-7E725E12812D}.Ad-Hoc|ARM.Build.0 = Release|ARM
		{CC25E195-900C-42E2-B94E-7E725E12812D}.Ad-Hoc|ARM.Deploy.0 = Release|ARM
		{CC25E195-900C-42E2-B94E-7E725E12812D}.Ad-Hoc|iPhone.ActiveCfg = Release|Any CPU
		{CC25E195-900C-42E2-B94E-7E725E12812D}.Ad-Hoc|iPhone.Build.0 = Release|Any CPU
		{CC25E195-900C-42E2-B94E-7E725E12812D}.Ad-Hoc|iPhone.Deploy.0 = Release|Any CPU
		{CC25E195-900C-42E2-B94E-7E725E12812D}.Ad-Hoc|iPhoneSimulator.ActiveCfg = Release|Any CPU
		{CC25E195-900C-42E2-B94E-7E725E12812D}.Ad-Hoc|iPhoneSimulator.Build.0 = Release|Any CPU
		{CC25E195-900C-42E2-B94E-7E725E12812D}.Ad-Hoc|iPhoneSimulator.Deploy.0 = Release|Any CPU
		{CC25E195-900C-42E2-B94E-7E725E12812D}.Ad-Hoc|x64.ActiveCfg = Release|Any CPU
		{CC25E195-900C-42E2-B94E-7E725E12812D}.Ad-Hoc|x64.Build.0 = Release|Any CPU
		{CC25E195-900C-42E2-B94E-7E725E12812D}.Ad-Hoc|x64.Deploy.0 = Release|Any CPU
		{CC25E195-900C-42E2-B94E-7E725E12812D}.Ad-Hoc|x86.ActiveCfg = Release|x86
		{CC25E195-900C-42E2-B94E-7E725E12812D}.Ad-Hoc|x86.Build.0 = Release|x86
		{CC25E195-900C-42E2-B94E-7E725E12812D}.Ad-Hoc|x86.Deploy.0 = Release|x86
		{CC25E195-900C-42E2-B94E-7E725E12812D}.AppStore|Any CPU.ActiveCfg = Release|Any CPU
		{CC25E195-900C-42E2-B94E-7E725E12812D}.AppStore|Any CPU.Build.0 = Release|Any CPU
		{CC25E195-900C-42E2-B94E-7E725E12812D}.AppStore|Any CPU.Deploy.0 = Release|Any CPU
		{CC25E195-900C-42E2-B94E-7E725E12812D}.AppStore|ARM.ActiveCfg = Release|ARM
		{CC25E195-900C-42E2-B94E-7E725E12812D}.AppStore|ARM.Build.0 = Release|ARM
		{CC25E195-900C-42E2-B94E-7E725E12812D}.AppStore|ARM.Deploy.0 = Release|ARM
		{CC25E195-900C-42E2-B94E-7E725E12812D}.AppStore|iPhone.ActiveCfg = Release|Any CPU
		{CC25E195-900C-42E2-B94E-7E725E12812D}.AppStore|iPhone.Build.0 = Release|Any CPU
		{CC25E195-900C-42E2-B94E-7E725E12812D}.AppStore|iPhone.Deploy.0 = Release|Any CPU
		{CC25E195-900C-42E2-B94E-7E725E12812D}.AppStore|iPhoneSimulator.ActiveCfg = Release|Any CPU
		{CC25E195-900C-42E2-B94E-7E725E12812D}.AppStore|iPhoneSimulator.Build.0 = Release|Any CPU
		{CC25E195-900C-42E2-B94E-7E725E12812D}.AppStore|iPhoneSimulator.Deploy.0 = Release|Any CPU
		{CC25E195-900C-42E2-B94E-7E725E12812D}.AppStore|x64.ActiveCfg = Release|Any CPU
		{CC25E195-900C-42E2-B94E-7E725E12812D}.AppStore|x64.Build.0 = Release|Any CPU
		{CC25E195-900C-42E2-B94E-7E725E12812D}.AppStore|x64.Deploy.0 = Release|Any CPU
		{CC25E195-900C-42E2-B94E-7E725E12812D}.AppStore|x86.ActiveCfg = Release|x86
		{CC25E195-900C-42E2-B94E-7E725E12812D}.AppStore|x86.Build.0 = Release|x86
		{CC25E195-900C-42E2-B94E-7E725E12812D}.AppStore|x86.Deploy.0 = Release|x86
		{CC25E195-900C-42E2-B94E-7E725E12812D}.Debug|Any CPU.ActiveCfg = Debug|Any CPU
		{CC25E195-900C-42E2-B94E-7E725E12812D}.Debug|Any CPU.Build.0 = Debug|Any CPU
		{CC25E195-900C-42E2-B94E-7E725E12812D}.Debug|Any CPU.Deploy.0 = Debug|Any CPU
		{CC25E195-900C-42E2-B94E-7E725E12812D}.Debug|ARM.ActiveCfg = Debug|ARM
		{CC25E195-900C-42E2-B94E-7E725E12812D}.Debug|ARM.Build.0 = Debug|ARM
		{CC25E195-900C-42E2-B94E-7E725E12812D}.Debug|ARM.Deploy.0 = Debug|ARM
		{CC25E195-900C-42E2-B94E-7E725E12812D}.Debug|iPhone.ActiveCfg = Debug|Any CPU
		{CC25E195-900C-42E2-B94E-7E725E12812D}.Debug|iPhone.Build.0 = Debug|Any CPU
		{CC25E195-900C-42E2-B94E-7E725E12812D}.Debug|iPhone.Deploy.0 = Debug|Any CPU
		{CC25E195-900C-42E2-B94E-7E725E12812D}.Debug|iPhoneSimulator.ActiveCfg = Debug|Any CPU
		{CC25E195-900C-42E2-B94E-7E725E12812D}.Debug|iPhoneSimulator.Build.0 = Debug|Any CPU
		{CC25E195-900C-42E2-B94E-7E725E12812D}.Debug|iPhoneSimulator.Deploy.0 = Debug|Any CPU
		{CC25E195-900C-42E2-B94E-7E725E12812D}.Debug|x64.ActiveCfg = Debug|Any CPU
		{CC25E195-900C-42E2-B94E-7E725E12812D}.Debug|x64.Build.0 = Debug|Any CPU
		{CC25E195-900C-42E2-B94E-7E725E12812D}.Debug|x64.Deploy.0 = Debug|Any CPU
		{CC25E195-900C-42E2-B94E-7E725E12812D}.Debug|x86.ActiveCfg = Debug|x86
		{CC25E195-900C-42E2-B94E-7E725E12812D}.Debug|x86.Build.0 = Debug|x86
		{CC25E195-900C-42E2-B94E-7E725E12812D}.Debug|x86.Deploy.0 = Debug|x86
		{CC25E195-900C-42E2-B94E-7E725E12812D}.Release|Any CPU.ActiveCfg = Release|Any CPU
		{CC25E195-900C-42E2-B94E-7E725E12812D}.Release|Any CPU.Build.0 = Release|Any CPU
		{CC25E195-900C-42E2-B94E-7E725E12812D}.Release|Any CPU.Deploy.0 = Release|Any CPU
		{CC25E195-900C-42E2-B94E-7E725E12812D}.Release|ARM.ActiveCfg = Release|ARM
		{CC25E195-900C-42E2-B94E-7E725E12812D}.Release|ARM.Build.0 = Release|ARM
		{CC25E195-900C-42E2-B94E-7E725E12812D}.Release|ARM.Deploy.0 = Release|ARM
		{CC25E195-900C-42E2-B94E-7E725E12812D}.Release|iPhone.ActiveCfg = Release|Any CPU
		{CC25E195-900C-42E2-B94E-7E725E12812D}.Release|iPhone.Build.0 = Release|Any CPU
		{CC25E195-900C-42E2-B94E-7E725E12812D}.Release|iPhone.Deploy.0 = Release|Any CPU
		{CC25E195-900C-42E2-B94E-7E725E12812D}.Release|iPhoneSimulator.ActiveCfg = Release|Any CPU
		{CC25E195-900C-42E2-B94E-7E725E12812D}.Release|iPhoneSimulator.Build.0 = Release|Any CPU
		{CC25E195-900C-42E2-B94E-7E725E12812D}.Release|iPhoneSimulator.Deploy.0 = Release|Any CPU
		{CC25E195-900C-42E2-B94E-7E725E12812D}.Release|x64.ActiveCfg = Release|Any CPU
		{CC25E195-900C-42E2-B94E-7E725E12812D}.Release|x64.Build.0 = Release|Any CPU
		{CC25E195-900C-42E2-B94E-7E725E12812D}.Release|x64.Deploy.0 = Release|Any CPU
		{CC25E195-900C-42E2-B94E-7E725E12812D}.Release|x86.ActiveCfg = Release|x86
		{CC25E195-900C-42E2-B94E-7E725E12812D}.Release|x86.Build.0 = Release|x86
		{CC25E195-900C-42E2-B94E-7E725E12812D}.Release|x86.Deploy.0 = Release|x86
	EndGlobalSection
	GlobalSection(SolutionProperties) = preSolution
		HideSolutionNode = FALSE
	EndGlobalSection
EndGlobal
